
Microsoft Visual Studio Solution File, Format Version 12.00
# Visual Studio Version 18
VisualStudioVersion = 18.7.11911.148 stable
MinimumVisualStudioVersion = 10.0.40219.1
Project("{2150E333-8FDC-42A3-9474-1A3956D46DE8}") = "003-数据结构和算法", "003-数据结构和算法", "{E498B03A-F56B-4F61-AA74-D7FD1E1F59FA}"
EndProject
Project("{2150E333-8FDC-42A3-9474-1A3956D46DE8}") = "004-设计模式", "004-设计模式", "{3769D663-275E-4290-A1B7-604A4F4620F3}"
EndProject
Project("{2150E333-8FDC-42A3-9474-1A3956D46DE8}") = "002-NetCore", "002-NetCore", "{DDDCAE9D-1AD6-4BEF-B8B7-1C0DC4DCD608}"
EndProject
Project("{2150E333-8FDC-42A3-9474-1A3956D46DE8}") = "消息队列", "消息队列", "{EAD8FA95-D007-4957-A6E2-08C60B70E7BF}"
EndProject
Project("{2150E333-8FDC-42A3-9474-1A3956D46DE8}") = "加密", "加密", "{8D02777E-F261-4B30-BA0A-FFC7159BBB6D}"
EndProject
Project("{2150E333-8FDC-42A3-9474-1A3956D46DE8}") = "Redis", "Redis", "{25A68E71-01B5-43B7-80B8-76F0753269B8}"
EndProject
Project("{2150E333-8FDC-42A3-9474-1A3956D46DE8}") = "对象映射", "对象映射", "{96046A1E-934A-4BDD-82CB-9827747D78A2}"
EndProject
Project("{2150E333-8FDC-42A3-9474-1A3956D46DE8}") = "IOC", "IOC", "{54EABF72-A3D6-4154-8B5C-49C1453CECCA}"
EndProject
Project("{2150E333-8FDC-42A3-9474-1A3956D46DE8}") = "AOP", "AOP", "{C32B5DBE-B4C3-41D6-81CD-1707A6C72F4D}"
EndProject
Project("{2150E333-8FDC-42A3-9474-1A3956D46DE8}") = "005-CSharp基础", "005-CSharp基础", "{500ED28C-835D-45AD-9DE8-845A4BEF498F}"
EndProject
Project("{2150E333-8FDC-42A3-9474-1A3956D46DE8}") = "006-改善CSharp程序建议", "006-改善CSharp程序建议", "{FB9EDF72-3D08-45DB-B1D5-A8ACC048F22A}"
EndProject
Project("{2150E333-8FDC-42A3-9474-1A3956D46DE8}") = "010~019", "010~019", "{32015DF3-7A5A-46E5-A16C-AADBECB0A523}"
EndProject
Project("{2150E333-8FDC-42A3-9474-1A3956D46DE8}") = "001~009", "001~009", "{583B9B16-3D88-407C-8D00-C6DEAD125F6F}"
EndProject
Project("{2150E333-8FDC-42A3-9474-1A3956D46DE8}") = "030~039", "030~039", "{428FA428-3CA4-4185-BBC8-7FAD5D2C8A02}"
EndProject
Project("{2150E333-8FDC-42A3-9474-1A3956D46DE8}") = "040~049", "040~049", "{D30384A1-A3B3-4AC4-A0FC-8506E52C334D}"
EndProject
Project("{2150E333-8FDC-42A3-9474-1A3956D46DE8}") = "050~059", "050~059", "{6AA83D84-8A3F-4D03-B037-40E9DCF94F8E}"
EndProject
Project("{2150E333-8FDC-42A3-9474-1A3956D46DE8}") = "090~100", "090~100", "{D0B381F0-8F4F-48DB-92CA-4CC4C893E270}"
EndProject
Project("{2150E333-8FDC-42A3-9474-1A3956D46DE8}") = "100~109", "100~109", "{AA80BBE7-9B23-4037-9488-C717FAFAC59C}"
EndProject
Project("{2150E333-8FDC-42A3-9474-1A3956D46DE8}") = "RabbitMQ", "RabbitMQ", "{67063FED-1883-4C36-9E17-8961019CB55B}"
EndProject
Project("{2150E333-8FDC-42A3-9474-1A3956D46DE8}") = "Exchange模式", "Exchange模式", "{594362AF-7828-4E79-A43E-BCB23CBF10E1}"
EndProject
Project("{2150E333-8FDC-42A3-9474-1A3956D46DE8}") = "发布订阅模式", "发布订阅模式", "{D380A282-F4A5-42E6-84A7-7FFA4FE41386}"
EndProject
Project("{2150E333-8FDC-42A3-9474-1A3956D46DE8}") = "路由模式", "路由模式", "{7B3FD6F7-5341-46E1-81CF-2CC41140F0FE}"
EndProject
Project("{2150E333-8FDC-42A3-9474-1A3956D46DE8}") = "通配符模式", "通配符模式", "{6A892B4D-C89A-42F7-82B8-615430686289}"
EndProject
Project("{9A19103F-16F7-4668-BE54-9A1E7A4F7556}") = "Ado.net", "005-CSharp基础\Ado.net\Ado.net.csproj", "{63F9F318-C73A-49A8-A35B-2D026E9B6A32}"
EndProject
Project("{9A19103F-16F7-4668-BE54-9A1E7A4F7556}") = "Dictionary_HashTable_List_HashSet区别", "005-CSharp基础\Dictionary_HashTable_List_HashSet区别\Dictionary_HashTable_List_HashSet区别.csproj", "{F0CB93AB-5CFE-4E73-9042-C79E32F981BE}"
EndProject
Project("{9A19103F-16F7-4668-BE54-9A1E7A4F7556}") = "Dynamic", "005-CSharp基础\Dynamic\Dynamic.csproj", "{9DEF49D1-FF29-43AD-A7C1-ECE87ACA8BAE}"
EndProject
Project("{9A19103F-16F7-4668-BE54-9A1E7A4F7556}") = "Emit", "005-CSharp基础\Emit\Emit.csproj", "{95534138-9031-4776-805E-DDAB7B1026AF}"
EndProject
Project("{9A19103F-16F7-4668-BE54-9A1E7A4F7556}") = "EmitAOP", "005-CSharp基础\EmitAOP\EmitAOP.csproj", "{D8085F9E-3AED-466E-AF31-9AF332527004}"
EndProject
Project("{9A19103F-16F7-4668-BE54-9A1E7A4F7556}") = "explicit和implicit", "005-CSharp基础\explicit和implicit\explicit和implicit.csproj", "{7C013067-669E-4342-82AB-A0BD26528B64}"
EndProject
Project("{9A19103F-16F7-4668-BE54-9A1E7A4F7556}") = "Expression表达式树", "005-CSharp基础\Expression\Expression表达式树.csproj", "{041B954B-7142-47BB-839C-4F006B8D5B45}"
EndProject
Project("{9A19103F-16F7-4668-BE54-9A1E7A4F7556}") = "Float有效位数", "005-CSharp基础\Float有效位数\Float有效位数.csproj", "{D3575E93-B2CE-4754-A5B5-A3F4028CBA2B}"
EndProject
Project("{9A19103F-16F7-4668-BE54-9A1E7A4F7556}") = "GetValueOrDefault", "005-CSharp基础\GetValueOrDefault\GetValueOrDefault.csproj", "{DE755D49-DC8F-492C-95DA-E7A3B935FEE1}"
EndProject
Project("{9A19103F-16F7-4668-BE54-9A1E7A4F7556}") = "IObservable", "005-CSharp基础\IObservable\IObservable.csproj", "{77635112-0DE6-4B1D-9292-6485C399F651}"
EndProject
Project("{9A19103F-16F7-4668-BE54-9A1E7A4F7556}") = "LambdaAndExpression", "005-CSharp基础\LambdaAndExpression\LambdaAndExpression.csproj", "{71FEB008-AEA4-4F82-A301-0CD5B1603EF2}"
EndProject
Project("{9A19103F-16F7-4668-BE54-9A1E7A4F7556}") = "Property属性", "005-CSharp基础\Property\Property属性.csproj", "{442098BA-0F95-474E-B3D1-E6A23EF26872}"
EndProject
Project("{9A19103F-16F7-4668-BE54-9A1E7A4F7556}") = "Regex", "005-CSharp基础\Regex\Regex.csproj", "{79D9EBFD-881A-430B-8E56-AD4DBA951B53}"
EndProject
Project("{9A19103F-16F7-4668-BE54-9A1E7A4F7556}") = "Readonly", "005-CSharp基础\Readonly\Readonly.csproj", "{CAA71165-C975-44A4-BBEA-7E78F39D4F71}"
EndProject
Project("{9A19103F-16F7-4668-BE54-9A1E7A4F7556}") = "String", "005-CSharp基础\String\String.csproj", "{4F419A65-47EA-4200-9C1B-B182751EC8F4}"
EndProject
Project("{9A19103F-16F7-4668-BE54-9A1E7A4F7556}") = "String.Formate", "005-CSharp基础\String.Formate\String.Formate.csproj", "{366EE5BB-22B8-4EC4-A86E-296DBD933882}"
EndProject
Project("{9A19103F-16F7-4668-BE54-9A1E7A4F7556}") = "Yield", "005-CSharp基础\Yield\Yield.csproj", "{478A6008-4987-49E9-A504-BB595F92C386}"
EndProject
Project("{9A19103F-16F7-4668-BE54-9A1E7A4F7556}") = "反射", "005-CSharp基础\反射\反射.csproj", "{E1B1C7A7-2189-4D17-8E4C-F64CC17ABFA6}"
EndProject
Project("{9A19103F-16F7-4668-BE54-9A1E7A4F7556}") = "流", "005-CSharp基础\流\流.csproj", "{8C839CD3-380F-4C9F-9BCB-DFF4BA0994EF}"
EndProject
Project("{9A19103F-16F7-4668-BE54-9A1E7A4F7556}") = "判断泛型的值是否为default(T)", "005-CSharp基础\判断泛型的值是否为default(T)\判断泛型的值是否为default(T).csproj", "{2E98A64F-8840-4BD4-8E3D-732CA6FE8227}"
EndProject
Project("{9A19103F-16F7-4668-BE54-9A1E7A4F7556}") = "数值", "005-CSharp基础\数值\数值.csproj", "{B5C455BA-D037-4735-9CCB-A87A0BEA7345}"
EndProject
Project("{9A19103F-16F7-4668-BE54-9A1E7A4F7556}") = "托管和非托管", "005-CSharp基础\托管和非托管\托管和非托管.csproj", "{DD54EE13-D7A9-47FF-B9EE-1945FCC4EE45}"
EndProject
Project("{9A19103F-16F7-4668-BE54-9A1E7A4F7556}") = "委托", "005-CSharp基础\委托\委托.csproj", "{99062612-F358-4DE4-AEBE-1EB4A0C3DF10}"
EndProject
Project("{9A19103F-16F7-4668-BE54-9A1E7A4F7556}") = "位运算权限", "005-CSharp基础\位于权限\位运算权限.csproj", "{DDC58439-BF96-462D-9843-A1B2CCE923A4}"
EndProject
Project("{9A19103F-16F7-4668-BE54-9A1E7A4F7556}") = "文件操作", "005-CSharp基础\文件操作\文件操作.csproj", "{B9C97A8B-0D31-45F4-8D99-C1158ACF8E9D}"
EndProject
Project("{9A19103F-16F7-4668-BE54-9A1E7A4F7556}") = "协变和逆变", "005-CSharp基础\协变和逆变\协变和逆变.csproj", "{6D456C21-9B56-4BF0-A09A-DA80505BC0E3}"
EndProject
Project("{9A19103F-16F7-4668-BE54-9A1E7A4F7556}") = "FanoutClient", "RabbitMQ\Exchange模式\发布订阅模式\FanoutClient\FanoutClient.csproj", "{DEF831C9-D9E1-47E6-AF3E-143DD5ABF5DD}"
EndProject
Project("{9A19103F-16F7-4668-BE54-9A1E7A4F7556}") = "FanoutReceive", "RabbitMQ\Exchange模式\发布订阅模式\FanoutReceive\FanoutReceive.csproj", "{7CB60D72-DCD5-440A-B5D9-95578D32762D}"
EndProject
Project("{9A19103F-16F7-4668-BE54-9A1E7A4F7556}") = "DirectClient", "RabbitMQ\Exchange模式\路由模式\DirectClient\DirectClient.csproj", "{7594382E-230F-479A-807E-F0228E377FA0}"
EndProject
Project("{9A19103F-16F7-4668-BE54-9A1E7A4F7556}") = "DirectReceive", "RabbitMQ\Exchange模式\路由模式\DirectReceive\DirectReceive.csproj", "{2891FC98-9AB8-4E80-BE42-53AE2ED96005}"
EndProject
Project("{9A19103F-16F7-4668-BE54-9A1E7A4F7556}") = "TopicClient", "RabbitMQ\Exchange模式\通配符模式\TopicClient\TopicClient.csproj", "{28B3653B-B99C-4F5C-9E15-7E958130F793}"
EndProject
Project("{9A19103F-16F7-4668-BE54-9A1E7A4F7556}") = "TopicReceive", "RabbitMQ\Exchange模式\通配符模式\TopicReceive\TopicReceive.csproj", "{F95F8D93-392B-4944-87CA-6E5A5853E547}"
EndProject
Project("{9A19103F-16F7-4668-BE54-9A1E7A4F7556}") = "Receive", "RabbitMQ\Receive\Receive.csproj", "{FDEC9F20-9137-4C08-8025-EE04B1143C80}"
EndProject
Project("{9A19103F-16F7-4668-BE54-9A1E7A4F7556}") = "Client", "RabbitMQ\Client\Client.csproj", "{CE7FCDC1-D233-4EF8-925F-6309A7C299DA}"
EndProject
Project("{2150E333-8FDC-42A3-9474-1A3956D46DE8}") = "雪花Id", "雪花Id", "{6B881609-C3AF-401C-82BA-5919BF5C9A2E}"
EndProject
Project("{9A19103F-16F7-4668-BE54-9A1E7A4F7556}") = "雪花id测试", "雪花Id\雪花id测试\雪花id测试.csproj", "{672080B4-D3FB-4836-9A28-D119BE9799DF}"
EndProject
Project("{9A19103F-16F7-4668-BE54-9A1E7A4F7556}") = "Hao.Snowflake", "雪花Id\Hao.Snowflake\Hao.Snowflake.csproj", "{7B1B440C-1398-4132-A981-A707A792CF38}"
EndProject
Project("{9A19103F-16F7-4668-BE54-9A1E7A4F7556}") = "AsyncLocal", "005-CSharp基础\AsyncLocal\AsyncLocal.csproj", "{02AC6BAA-DF49-4D13-902A-436959105D5F}"
EndProject
Project("{9A19103F-16F7-4668-BE54-9A1E7A4F7556}") = "建议3_区别对待强制转型与as和is", "006-改善CSharp程序建议\1~9\建议3_区别对待强制转型与as和is\建议3_区别对待强制转型与as和is.csproj", "{98D75471-1FA1-49A9-98E9-9744A183B65F}"
EndProject
Project("{9A19103F-16F7-4668-BE54-9A1E7A4F7556}") = "建议5_使用确保值类型也可以为null", "006-改善CSharp程序建议\1~9\建议5_使用int？来确保值类型也可以为null\建议5_使用确保值类型也可以为null.csproj", "{E60C2C64-7456-4B69-91C0-FBF193D68049}"
EndProject
Project("{9A19103F-16F7-4668-BE54-9A1E7A4F7556}") = "建议6_区别readonly和const的使用方法", "006-改善CSharp程序建议\1~9\建议6_区别readonly和const的使用方法\建议6_区别readonly和const的使用方法.csproj", "{FCF12AC0-B1E5-49EB-9003-819221EA276E}"
EndProject
Project("{9A19103F-16F7-4668-BE54-9A1E7A4F7556}") = "建议7_将0值作为枚举默认值", "006-改善CSharp程序建议\1~9\建议7_将0值作为枚举默认值\建议7_将0值作为枚举默认值.csproj", "{CF2EC244-54F6-45E9-9F51-B0C8D27F9C17}"
EndProject
Project("{9A19103F-16F7-4668-BE54-9A1E7A4F7556}") = "建议8_避免给枚举类型的元素提供显式的值", "006-改善CSharp程序建议\1~9\建议8_避免给枚举类型的元素提供显式的值\建议8_避免给枚举类型的元素提供显式的值.csproj", "{6C702ED7-6928-441D-A28C-AD0064D2071B}"
EndProject
Project("{9A19103F-16F7-4668-BE54-9A1E7A4F7556}") = "建议9_习惯重载运算符", "006-改善CSharp程序建议\1~9\建议9_习惯重载运算符\建议9_习惯重载运算符.csproj", "{E5E4FB20-BFA1-467D-B4E4-7636504D8F3D}"
EndProject
Project("{9A19103F-16F7-4668-BE54-9A1E7A4F7556}") = "建议11_区别对待==和Equals", "006-改善CSharp程序建议\10~19\建议11_区别对待==和Equals\建议11_区别对待==和Equals.csproj", "{93AAB709-67CA-4E11-ABCD-E15AAA7B7136}"
EndProject
Project("{9A19103F-16F7-4668-BE54-9A1E7A4F7556}") = "建议12_重写Equals时也要重写GetHashCode", "006-改善CSharp程序建议\10~19\建议12_重写Equals时也要重写GetHashCode\建议12_重写Equals时也要重写GetHashCode.csproj", "{54F835CE-73D9-456C-9BA3-2A8AF853AE8E}"
EndProject
Project("{9A19103F-16F7-4668-BE54-9A1E7A4F7556}") = "建议14_正确实现浅拷贝和深拷贝", "006-改善CSharp程序建议\10~19\建议14_正确实现浅拷贝和深拷贝\建议14_正确实现浅拷贝和深拷贝.csproj", "{AFF2041B-09C7-4A57-A0F8-15E95711EC34}"
EndProject
Project("{9A19103F-16F7-4668-BE54-9A1E7A4F7556}") = "建议15_使用dynamic来简化反射实现", "006-改善CSharp程序建议\10~19\建议15_使用dynamic来简化反射实现\建议15_使用dynamic来简化反射实现.csproj", "{5661D616-83CE-4518-91C9-510B4F46B80C}"
EndProject
Project("{9A19103F-16F7-4668-BE54-9A1E7A4F7556}") = "建议17_多数情况下使用foreach进行循环遍历", "006-改善CSharp程序建议\10~19\建议17_多数情况下使用foreach进行循环遍历\建议17_多数情况下使用foreach进行循环遍历.csproj", "{91B9D54C-D4CD-4C61-98A1-E1AEF8197A4A}"
EndProject
Project("{9A19103F-16F7-4668-BE54-9A1E7A4F7556}") = "建议10_创建对象时需要考虑是否实现比较器", "006-改善CSharp程序建议\10~19\建议10_创建对象时需要考虑是否实现比较器\建议10_创建对象时需要考虑是否实现比较器.csproj", "{AEF29342-B085-47DD-97EC-313DC43D0779}"
EndProject
Project("{9A19103F-16F7-4668-BE54-9A1E7A4F7556}") = "建议33_避免在泛型类型中声明静态成员", "006-改善CSharp程序建议\30~39\建议33_避免在泛型类型中声明静态成员\建议33_避免在泛型类型中声明静态成员.csproj", "{A52C468D-912C-4248-8E71-EA1C81646E46}"
EndProject
Project("{9A19103F-16F7-4668-BE54-9A1E7A4F7556}") = "建议38_小心闭包中的陷阱", "006-改善CSharp程序建议\30~39\建议38_小心闭包中的陷阱\建议38_小心闭包中的陷阱.csproj", "{469B3BB9-57BF-4231-BE73-877AD6298F36}"
EndProject
Project("{9A19103F-16F7-4668-BE54-9A1E7A4F7556}") = "建议39_了解委托的实质", "006-改善CSharp程序建议\30~39\建议39_了解委托的实质\建议39_了解委托的实质.csproj", "{5A8A4C4B-2FED-4E13-9AFB-CDCA00DEB598}"
EndProject
Project("{9A19103F-16F7-4668-BE54-9A1E7A4F7556}") = "建议44_理解委托中的协变", "006-改善CSharp程序建议\40~49\建议44_理解委托中的协变\建议44_理解委托中的协变.csproj", "{B161639C-F654-4DCD-ADC1-A1F43392A36C}"
EndProject
Project("{9A19103F-16F7-4668-BE54-9A1E7A4F7556}") = "建议45_为泛型类型参数指定逆变", "006-改善CSharp程序建议\40~49\建议45_为泛型类型参数指定逆变\建议45_为泛型类型参数指定逆变.csproj", "{FBD4731E-7813-4BB1-B4D5-A676BA0376C2}"
EndProject
Project("{9A19103F-16F7-4668-BE54-9A1E7A4F7556}") = "建议46_显式释放资源需继承接口IDisposable", "006-改善CSharp程序建议\40~49\建议46_显式释放资源需继承接口IDisposable\建议46_显式释放资源需继承接口IDisposable.csproj", "{3B4FE74B-8A2A-4DD4-9305-EE016B6D1F91}"
EndProject
Project("{9A19103F-16F7-4668-BE54-9A1E7A4F7556}") = "建议47_即使提供了显式释放方法也应该在终结器中提供隐式清理", "006-改善CSharp程序建议\40~49\建议47_即使提供了显式释放方法也应该在终结器中提供隐式清理\建议47_即使提供了显式释放方法也应该在终结器中提供隐式清理.csproj", "{1307DA9B-FF47-4266-B874-B9A6C09A166A}"
EndProject
Project("{9A19103F-16F7-4668-BE54-9A1E7A4F7556}") = "建议48_Dispose方法应允许被多次调用", "006-改善CSharp程序建议\40~49\建议48_Dispose方法应允许被多次调用\建议48_Dispose方法应允许被多次调用.csproj", "{CA9AE946-C633-4195-889B-873348BE8384}"
EndProject
Project("{9A19103F-16F7-4668-BE54-9A1E7A4F7556}") = "建议49_在Dispose模式中应提取一个受保护的虚方法", "006-改善CSharp程序建议\40~49\建议49_在Dispose模式中应提取一个受保护的虚方法\建议49_在Dispose模式中应提取一个受保护的虚方法.csproj", "{DE3F30D8-9AA5-4FA8-B14C-8242689E4602}"
EndProject
Project("{9A19103F-16F7-4668-BE54-9A1E7A4F7556}") = "建议50_在Dispose模式中应区别对待托管资源和非托管资源", "006-改善CSharp程序建议\50~59\建议50_在Dispose模式中应区别对待托管资源和非托管资源\建议50_在Dispose模式中应区别对待托管资源和非托管资源.csproj", "{ED79EB53-5E53-48CC-BEEC-A2CD59A6A3CC}"
EndProject
Project("{9A19103F-16F7-4668-BE54-9A1E7A4F7556}") = "建议90_不要为抽象类提供公开的构造方法", "006-改善CSharp程序建议\90~99\建议90_不要为抽象类提供公开的构造方法\建议90_不要为抽象类提供公开的构造方法.csproj", "{83C95B3C-3CEC-466D-9862-AE99C494F384}"
EndProject
Project("{9A19103F-16F7-4668-BE54-9A1E7A4F7556}") = "建议94_区别对待override和new", "006-改善CSharp程序建议\90~99\建议94_区别对待override和new\建议94_区别对待override和new.csproj", "{B8885A7D-2B2A-4FAB-8AB8-3F84838D6887}"
EndProject
Project("{9A19103F-16F7-4668-BE54-9A1E7A4F7556}") = "建议95_避免在构造方法中调用虚成员", "006-改善CSharp程序建议\90~99\建议95_避免在构造方法中调用虚成员\建议95_避免在构造方法中调用虚成员.csproj", "{8F82156B-11FA-4AC6-AEE5-EC49E29074A6}"
EndProject
Project("{9A19103F-16F7-4668-BE54-9A1E7A4F7556}") = "建议102_区分接口和抽象类的应用场合", "006-改善CSharp程序建议\100~109\建议102_区分接口和抽象类的应用场合\建议102_区分接口和抽象类的应用场合.csproj", "{0ED6C9CA-0DB8-481D-BC43-DECD688871D8}"
EndProject
Project("{9A19103F-16F7-4668-BE54-9A1E7A4F7556}") = "建议106_为静态类添加静态构造函数", "006-改善CSharp程序建议\100~109\建议106_为静态类添加静态构造函数\建议106_为静态类添加静态构造函数.csproj", "{9C1CFC6E-C486-4251-A612-145128AB9625}"
EndProject
Project("{9A19103F-16F7-4668-BE54-9A1E7A4F7556}") = "闭包", "005-CSharp基础\闭包\闭包.csproj", "{9A8D4A69-560F-48D1-ABAA-12FF2CD8FABC}"
EndProject
Project("{9A19103F-16F7-4668-BE54-9A1E7A4F7556}") = "结构Struct", "005-CSharp基础\结构Struct\结构Struct.csproj", "{AC5B213A-BCF1-4C7D-882B-B1F67D51DAE3}"
EndProject
Project("{2150E333-8FDC-42A3-9474-1A3956D46DE8}") = "Excel", "Excel", "{9F9F655C-7D00-45F6-94C0-442E02189A86}"
EndProject
Project("{9A19103F-16F7-4668-BE54-9A1E7A4F7556}") = "NopiStandard", "Excel\NopiStandard\NopiStandard.csproj", "{D5735426-7D4D-4A13-B8D8-7D3EA25E57CC}"
EndProject
Project("{9A19103F-16F7-4668-BE54-9A1E7A4F7556}") = "Nopi", "Excel\Nopi\Nopi.csproj", "{3BB19D53-8FB1-4173-975E-1EAEB7E00CC0}"
EndProject
Project("{2150E333-8FDC-42A3-9474-1A3956D46DE8}") = "007-ORM", "007-ORM", "{5D812A19-6B71-41D7-8A85-F61090C6C1BF}"
EndProject
Project("{9A19103F-16F7-4668-BE54-9A1E7A4F7556}") = "SinoData", "007-ORM\SinoData\SinoData.csproj", "{0FEABE57-0280-4092-A607-4D496994FB92}"
EndProject
Project("{2150E333-8FDC-42A3-9474-1A3956D46DE8}") = "008-实用工具Demo", "008-实用工具Demo", "{78E7FCD5-2ABA-4912-8876-E8888E1C7349}"
EndProject
Project("{9A19103F-16F7-4668-BE54-9A1E7A4F7556}") = "省市区地址处理", "008-实用工具Demo\省市区地址处理\省市区地址处理.csproj", "{59CB5F80-D6C9-44E7-8CA3-E501D11A787B}"
EndProject
Project("{9A19103F-16F7-4668-BE54-9A1E7A4F7556}") = "有序不重复GUID", "008-实用工具Demo\有序不重复GUID\有序不重复GUID.csproj", "{201ABCC6-C44B-4FEE-BF2B-AAC8B14E14BC}"
EndProject
Project("{9A19103F-16F7-4668-BE54-9A1E7A4F7556}") = "草根专栏Test", "005-CSharp基础\草根专栏Test\草根专栏Test.csproj", "{00E7D7B3-071B-4058-95B6-A051B6FA64A2}"
EndProject
Project("{2150E333-8FDC-42A3-9474-1A3956D46DE8}") = "001-Test", "001-Test", "{6D9C9930-FBFA-4555-8455-B868B662E572}"
EndProject
Project("{9A19103F-16F7-4668-BE54-9A1E7A4F7556}") = "析构函数", "005-CSharp基础\析构函数\析构函数.csproj", "{BC5F58B3-DB4D-47EB-A37C-33D289B236C0}"
EndProject
Project("{9A19103F-16F7-4668-BE54-9A1E7A4F7556}") = "线程", "005-CSharp基础\线程\线程.csproj", "{436C43CB-CBCF-457D-893A-7D9A32247DA8}"
EndProject
Project("{9A19103F-16F7-4668-BE54-9A1E7A4F7556}") = "图像处理", "008-实用工具Demo\图像处理\图像处理.csproj", "{18F540E8-DB50-4716-B219-9FB32DC1D7EA}"
EndProject
Project("{9A19103F-16F7-4668-BE54-9A1E7A4F7556}") = "GoferDemo", "008-实用工具Demo\Gofer.Net\GoferDemo\GoferDemo.csproj", "{C01FBCEF-6725-4EDB-9F5A-565C09FA14AC}"
EndProject
Project("{9A19103F-16F7-4668-BE54-9A1E7A4F7556}") = "Except", "005-CSharp基础\Except\Except.csproj", "{8646153F-6A03-4C88-A4AF-4347F2C4DE94}"
EndProject
Project("{9A19103F-16F7-4668-BE54-9A1E7A4F7556}") = "idgenerator", "雪花Id\idgenerator\idgenerator.csproj", "{99553DFB-2397-42BD-B33A-496D8B428AF0}"
EndProject
Project("{9A19103F-16F7-4668-BE54-9A1E7A4F7556}") = "BoolTest", "001-Test\BoolTest\BoolTest.csproj", "{8DC8403E-AC14-4D93-AE8B-8B41CEFB6247}"
EndProject
Project("{9A19103F-16F7-4668-BE54-9A1E7A4F7556}") = "DateTimeTest", "001-Test\DateTimeTest\DateTimeTest.csproj", "{F0442BB3-6D03-4796-BCBF-B8F364DF7D16}"
EndProject
Project("{9A19103F-16F7-4668-BE54-9A1E7A4F7556}") = "EnumTest", "001-Test\EnumTest\EnumTest.csproj", "{20F130B4-DB81-4F24-A66E-AFABB01653E8}"
EndProject
Project("{9A19103F-16F7-4668-BE54-9A1E7A4F7556}") = "InterfaceTest", "001-Test\InterfaceTest\InterfaceTest.csproj", "{4811B384-A19E-477F-AA3D-9DED62DFBF29}"
EndProject
Project("{9A19103F-16F7-4668-BE54-9A1E7A4F7556}") = "JosnTest", "001-Test\JosnTest\JosnTest.csproj", "{2D6CFBF5-7297-4CB7-B08F-97E8B1F18CB0}"
EndProject
Project("{9A19103F-16F7-4668-BE54-9A1E7A4F7556}") = "ListTest", "001-Test\ListTest\ListTest.csproj", "{8CE52CD3-1406-49BA-9D9B-4E050AB7C199}"
EndProject
Project("{9A19103F-16F7-4668-BE54-9A1E7A4F7556}") = "StringTest", "001-Test\StringTest\StringTest.csproj", "{DFCAB61F-3A83-4B41-8601-261973BB56F0}"
EndProject
Project("{9A19103F-16F7-4668-BE54-9A1E7A4F7556}") = "TaskTest", "001-Test\TaskTest\TaskTest.csproj", "{B4B7A8F1-CF2D-42AC-A57A-5A8135046F7B}"
EndProject
Project("{9A19103F-16F7-4668-BE54-9A1E7A4F7556}") = "TypeTest", "001-Test\TypeTest\TypeTest.csproj", "{77A4A1A0-EB52-49C1-BC7C-B617956E977B}"
EndProject
Project("{9A19103F-16F7-4668-BE54-9A1E7A4F7556}") = "正则Test", "001-Test\正则Test\正则Test.csproj", "{FBD79552-05FC-4B6E-A57F-397140AC431E}"
EndProject
Project("{9A19103F-16F7-4668-BE54-9A1E7A4F7556}") = "Configuration读取", "002-NetCore\Configuaration读取\Configuration读取.csproj", "{4E207CF2-765C-4F56-A972-77A4826710FF}"
EndProject
Project("{9A19103F-16F7-4668-BE54-9A1E7A4F7556}") = "Configuration", "002-NetCore\Configuration\Configuration.csproj", "{F8807F2A-DA84-4305-B69F-5E70B0007CE1}"
EndProject
Project("{9A19103F-16F7-4668-BE54-9A1E7A4F7556}") = "NetCore7个对象", "002-NetCore\NetCore\NetCore7个对象.csproj", "{8B0A65B2-098A-4744-BAE9-B508B6E74672}"
EndProject
Project("{9A19103F-16F7-4668-BE54-9A1E7A4F7556}") = "插入排序", "003-数据结构和算法\插入排序\插入排序.csproj", "{B9B8B630-BAD1-48FC-8E16-7418AF420727}"
EndProject
Project("{9A19103F-16F7-4668-BE54-9A1E7A4F7556}") = "快速排序", "003-数据结构和算法\快速排序\快速排序.csproj", "{9F27829C-A7A8-4CA3-B977-4AA42BC27F33}"
EndProject
Project("{9A19103F-16F7-4668-BE54-9A1E7A4F7556}") = "买啤酒问题", "003-数据结构和算法\买啤酒问题\买啤酒问题.csproj", "{165E22E0-5D67-449A-B48B-834E6BD4797B}"
EndProject
Project("{9A19103F-16F7-4668-BE54-9A1E7A4F7556}") = "冒泡排序", "003-数据结构和算法\冒泡排序\冒泡排序.csproj", "{75870BDC-80BC-47D9-88C0-67BA96F5A602}"
EndProject
Project("{9A19103F-16F7-4668-BE54-9A1E7A4F7556}") = "权重计算", "003-数据结构和算法\权重计算\权重计算.csproj", "{CF11F7E4-1F65-445B-A0DD-7156E1F6CEE1}"
EndProject
Project("{9A19103F-16F7-4668-BE54-9A1E7A4F7556}") = "希尔排序", "003-数据结构和算法\希尔排序\希尔排序.csproj", "{572A7840-83A0-4FAC-89A5-8253E8159401}"
EndProject
Project("{9A19103F-16F7-4668-BE54-9A1E7A4F7556}") = "选择排序", "003-数据结构和算法\选择排序\选择排序.csproj", "{D3BA3913-D09E-4D92-82F8-366A0A4E064E}"
EndProject
Project("{9A19103F-16F7-4668-BE54-9A1E7A4F7556}") = "直接插入排序", "003-数据结构和算法\直接插入排序\直接插入排序.csproj", "{ACE2EB3E-942D-4B04-B038-786E6E90FE67}"
EndProject
Project("{9A19103F-16F7-4668-BE54-9A1E7A4F7556}") = "AopDemo2属性注入", "004-设计模式\Aop\AopDemo2\AopDemo2属性注入.csproj", "{2A03A1A9-DD97-4FC9-A2F1-EC1263982DBB}"
EndProject
Project("{9A19103F-16F7-4668-BE54-9A1E7A4F7556}") = "AopDemo1", "004-设计模式\Aop\简单Aop\AopDemo1.csproj", "{7842007A-932A-4A66-BF1D-FD4848E31663}"
EndProject
Project("{9A19103F-16F7-4668-BE54-9A1E7A4F7556}") = "属性注入", "004-设计模式\Ioc\属性注入\属性注入.csproj", "{478B20E3-AAE4-4575-8272-D111ABF26877}"
EndProject
Project("{9A19103F-16F7-4668-BE54-9A1E7A4F7556}") = "备忘录模式", "004-设计模式\备忘录模式\备忘录模式.csproj", "{707DEC92-9B7A-4333-A66C-330076979A15}"
EndProject
Project("{9A19103F-16F7-4668-BE54-9A1E7A4F7556}") = "策略模式", "004-设计模式\策略模式\策略模式.csproj", "{46FA115E-3ABD-420B-BAE0-8EF71A594B6A}"
EndProject
Project("{9A19103F-16F7-4668-BE54-9A1E7A4F7556}") = "简易消息队列", "消息队列\简易消息队列\简易消息队列.csproj", "{4EB0C321-79B2-4145-9B89-A4107C799290}"
EndProject
Project("{9A19103F-16F7-4668-BE54-9A1E7A4F7556}") = "RSA加密", "加密\RSA加密\RSA加密.csproj", "{89C35223-C513-4850-8409-69D25D25AA2D}"
EndProject
Project("{9A19103F-16F7-4668-BE54-9A1E7A4F7556}") = "高性能对象映射", "对象映射\高性能对象映射\高性能对象映射.csproj", "{6C734FE3-E7DC-4536-A0A1-9E59AD4B803E}"
EndProject
Project("{9A19103F-16F7-4668-BE54-9A1E7A4F7556}") = "Redis", "Redis\Redis\Redis.csproj", "{4D7DA551-8C15-4BEE-8818-93A3774DF488}"
EndProject
Project("{9A19103F-16F7-4668-BE54-9A1E7A4F7556}") = "RedisClient", "Redis\RedisClient\RedisClient.csproj", "{2CB95EC2-B4BA-4830-B65B-029C244E178D}"
EndProject
Project("{9A19103F-16F7-4668-BE54-9A1E7A4F7556}") = "DapperDemo", "007-ORM\DapperDemo\DapperDemo.csproj", "{2FA717A1-266E-4A0B-A427-B800B6ED2574}"
EndProject
Project("{2150E333-8FDC-42A3-9474-1A3956D46DE8}") = "线程安全集合", "线程安全集合", "{8F5739A8-8AD7-473F-8930-2649DCA1E0C9}"
EndProject
Project("{9A19103F-16F7-4668-BE54-9A1E7A4F7556}") = "ConcurrentQueue", "005-CSharp基础\线程安全集合\ConcurrentQueue\ConcurrentQueue.csproj", "{A3CB36E9-10F8-4192-907C-AC16063D3670}"
EndProject
Project("{9A19103F-16F7-4668-BE54-9A1E7A4F7556}") = "ConcurrentStack", "005-CSharp基础\线程安全集合\ConcurrentStack\ConcurrentStack.csproj", "{77CBA374-5016-4F0D-8BC5-73AA48BC8E12}"
EndProject
Project("{9A19103F-16F7-4668-BE54-9A1E7A4F7556}") = "ConcurrentDictionary", "005-CSharp基础\线程安全集合\ConcurrentDictionary\ConcurrentDictionary.csproj", "{DB6201D3-1317-4E46-A554-8C5D2DD355EC}"
EndProject
Project("{9A19103F-16F7-4668-BE54-9A1E7A4F7556}") = "ConcurrentBag", "005-CSharp基础\线程安全集合\ConcurrentBag\ConcurrentBag.csproj", "{E2FC4E72-D661-41AD-9C14-ED644DC4837E}"
EndProject
Project("{9A19103F-16F7-4668-BE54-9A1E7A4F7556}") = "BlockingCollection", "005-CSharp基础\线程安全集合\BlockingCollection\BlockingCollection.csproj", "{29E0A7AB-6781-4BB9-96BE-C4E7683A3861}"
EndProject
Project("{9A19103F-16F7-4668-BE54-9A1E7A4F7556}") = "ExceptionTest", "001-Test\ExceptionTest\ExceptionTest.csproj", "{1C1C1F08-D824-418E-9CF6-F716E90F7C35}"
EndProject
Project("{9A19103F-16F7-4668-BE54-9A1E7A4F7556}") = "MapsterTest", "对象映射\MapsterTest\MapsterTest.csproj", "{3F96548C-7A70-4AA7-949E-ED8D7A74E892}"
EndProject
Project("{9A19103F-16F7-4668-BE54-9A1E7A4F7556}") = "SqlSugarDemo", "007-ORM\SqlSugarDemo\SqlSugarDemo.csproj", "{9DCC650C-CBBF-4BC7-B98A-0022414EA1A8}"
EndProject
Project("{9A19103F-16F7-4668-BE54-9A1E7A4F7556}") = "控制台动画", "001-Test\控制台动画\控制台动画.csproj", "{1CB907C7-EE6F-4AFC-8CB3-DF57E1AE78FF}"
EndProject
Project("{9A19103F-16F7-4668-BE54-9A1E7A4F7556}") = "Epplus省市区联动", "Excel\Epplus省市区联动\Epplus省市区联动.csproj", "{51256096-05C8-4799-B147-E6FBDF98A7F3}"
EndProject
Project("{9A19103F-16F7-4668-BE54-9A1E7A4F7556}") = "解决方案重命名工具", "008-实用工具Demo\解决方案重命名工具\解决方案重命名工具.csproj", "{2CEDEDF7-EF5B-4696-954F-4F97AB89733C}"
EndProject
Project("{9A19103F-16F7-4668-BE54-9A1E7A4F7556}") = "AutofacTest", "001-Test\AutofacTest\AutofacTest.csproj", "{80DB62CB-EC6A-423A-8F4E-F1EEF3199FFF}"
EndProject
Project("{9A19103F-16F7-4668-BE54-9A1E7A4F7556}") = "AutoMapper_Vs_Mapster", "001-Test\AutoMapper_Vs_Mapster\AutoMapper_Vs_Mapster.csproj", "{44C04626-0441-4FBB-A0DB-F1011F250C89}"
EndProject
Project("{9A19103F-16F7-4668-BE54-9A1E7A4F7556}") = "省市区地址处理2", "008-实用工具Demo\省市区地址处理2\省市区地址处理2.csproj", "{A20D14E9-591C-41BB-8ABE-576D9242AFAC}"
EndProject
Project("{9A19103F-16F7-4668-BE54-9A1E7A4F7556}") = "NBomberTest", "001-Test\NBomberTest\NBomberTest.csproj", "{ECA0FC04-5C9E-465F-95AB-51C9CF238DDB}"
EndProject
Project("{9A19103F-16F7-4668-BE54-9A1E7A4F7556}") = "ByteTest", "001-Test\ByteTest\ByteTest.csproj", "{C8629B7E-D07F-40D1-B6F3-20C5052B02CD}"
EndProject
Project("{9A19103F-16F7-4668-BE54-9A1E7A4F7556}") = "FreeSqlMapTypeDemo", "007-ORM\FreeSqlMapTypeDemo\FreeSqlMapTypeDemo.csproj", "{3921A435-6181-499D-B2E4-F517366377E4}"
EndProject
Project("{9A19103F-16F7-4668-BE54-9A1E7A4F7556}") = "AsyncLocalTest", "001-Test\AsyncLocalTest\AsyncLocalTest.csproj", "{87B1A14E-89D0-44B0-97D9-323348F18833}"
EndProject
Project("{9A19103F-16F7-4668-BE54-9A1E7A4F7556}") = "ref引用类型", "005-CSharp基础\ref引用类型\ref引用类型.csproj", "{4A96191D-AD46-4211-A464-056114FAEB53}"
EndProject
Project("{9A19103F-16F7-4668-BE54-9A1E7A4F7556}") = "DeleteFileTest", "001-Test\DeleteFileTest\DeleteFileTest.csproj", "{DD6DABC3-DA06-4385-A437-F39F2448EA1E}"
EndProject
Project("{FAE04EC0-301F-11D3-BF4B-00C04F79EFBC}") = "发送邮件", "008-实用工具Demo\发送邮件\发送邮件.csproj", "{83607618-3C24-43F6-A4C7-99165DED36F4}"
EndProject
Global
	GlobalSection(SolutionConfigurationPlatforms) = preSolution
		Debug|Any CPU = Debug|Any CPU
		Release|Any CPU = Release|Any CPU
	EndGlobalSection
	GlobalSection(ProjectConfigurationPlatforms) = postSolution
		{63F9F318-C73A-49A8-A35B-2D026E9B6A32}.Debug|Any CPU.ActiveCfg = Debug|Any CPU
		{63F9F318-C73A-49A8-A35B-2D026E9B6A32}.Debug|Any CPU.Build.0 = Debug|Any CPU
		{63F9F318-C73A-49A8-A35B-2D026E9B6A32}.Release|Any CPU.ActiveCfg = Release|Any CPU
		{63F9F318-C73A-49A8-A35B-2D026E9B6A32}.Release|Any CPU.Build.0 = Release|Any CPU
		{F0CB93AB-5CFE-4E73-9042-C79E32F981BE}.Debug|Any CPU.ActiveCfg = Debug|Any CPU
		{F0CB93AB-5CFE-4E73-9042-C79E32F981BE}.Debug|Any CPU.Build.0 = Debug|Any CPU
		{F0CB93AB-5CFE-4E73-9042-C79E32F981BE}.Release|Any CPU.ActiveCfg = Release|Any CPU
		{F0CB93AB-5CFE-4E73-9042-C79E32F981BE}.Release|Any CPU.Build.0 = Release|Any CPU
		{9DEF49D1-FF29-43AD-A7C1-ECE87ACA8BAE}.Debug|Any CPU.ActiveCfg = Debug|Any CPU
		{9DEF49D1-FF29-43AD-A7C1-ECE87ACA8BAE}.Debug|Any CPU.Build.0 = Debug|Any CPU
		{9DEF49D1-FF29-43AD-A7C1-ECE87ACA8BAE}.Release|Any CPU.ActiveCfg = Release|Any CPU
		{9DEF49D1-FF29-43AD-A7C1-ECE87ACA8BAE}.Release|Any CPU.Build.0 = Release|Any CPU
		{95534138-9031-4776-805E-DDAB7B1026AF}.Debug|Any CPU.ActiveCfg = Debug|Any CPU
		{95534138-9031-4776-805E-DDAB7B1026AF}.Debug|Any CPU.Build.0 = Debug|Any CPU
		{95534138-9031-4776-805E-DDAB7B1026AF}.Release|Any CPU.ActiveCfg = Release|Any CPU
		{95534138-9031-4776-805E-DDAB7B1026AF}.Release|Any CPU.Build.0 = Release|Any CPU
		{D8085F9E-3AED-466E-AF31-9AF332527004}.Debug|Any CPU.ActiveCfg = Debug|Any CPU
		{D8085F9E-3AED-466E-AF31-9AF332527004}.Debug|Any CPU.Build.0 = Debug|Any CPU
		{D8085F9E-3AED-466E-AF31-9AF332527004}.Release|Any CPU.ActiveCfg = Release|Any CPU
		{D8085F9E-3AED-466E-AF31-9AF332527004}.Release|Any CPU.Build.0 = Release|Any CPU
		{7C013067-669E-4342-82AB-A0BD26528B64}.Debug|Any CPU.ActiveCfg = Debug|Any CPU
		{7C013067-669E-4342-82AB-A0BD26528B64}.Debug|Any CPU.Build.0 = Debug|Any CPU
		{7C013067-669E-4342-82AB-A0BD26528B64}.Release|Any CPU.ActiveCfg = Release|Any CPU
		{7C013067-669E-4342-82AB-A0BD26528B64}.Release|Any CPU.Build.0 = Release|Any CPU
		{041B954B-7142-47BB-839C-4F006B8D5B45}.Debug|Any CPU.ActiveCfg = Debug|Any CPU
		{041B954B-7142-47BB-839C-4F006B8D5B45}.Debug|Any CPU.Build.0 = Debug|Any CPU
		{041B954B-7142-47BB-839C-4F006B8D5B45}.Release|Any CPU.ActiveCfg = Release|Any CPU
		{041B954B-7142-47BB-839C-4F006B8D5B45}.Release|Any CPU.Build.0 = Release|Any CPU
		{D3575E93-B2CE-4754-A5B5-A3F4028CBA2B}.Debug|Any CPU.ActiveCfg = Debug|Any CPU
		{D3575E93-B2CE-4754-A5B5-A3F4028CBA2B}.Debug|Any CPU.Build.0 = Debug|Any CPU
		{D3575E93-B2CE-4754-A5B5-A3F4028CBA2B}.Release|Any CPU.ActiveCfg = Release|Any CPU
		{D3575E93-B2CE-4754-A5B5-A3F4028CBA2B}.Release|Any CPU.Build.0 = Release|Any CPU
		{DE755D49-DC8F-492C-95DA-E7A3B935FEE1}.Debug|Any CPU.ActiveCfg = Debug|Any CPU
		{DE755D49-DC8F-492C-95DA-E7A3B935FEE1}.Debug|Any CPU.Build.0 = Debug|Any CPU
		{DE755D49-DC8F-492C-95DA-E7A3B935FEE1}.Release|Any CPU.ActiveCfg = Release|Any CPU
		{DE755D49-DC8F-492C-95DA-E7A3B935FEE1}.Release|Any CPU.Build.0 = Release|Any CPU
		{77635112-0DE6-4B1D-9292-6485C399F651}.Debug|Any CPU.ActiveCfg = Debug|Any CPU
		{77635112-0DE6-4B1D-9292-6485C399F651}.Debug|Any CPU.Build.0 = Debug|Any CPU
		{77635112-0DE6-4B1D-9292-6485C399F651}.Release|Any CPU.ActiveCfg = Release|Any CPU
		{77635112-0DE6-4B1D-9292-6485C399F651}.Release|Any CPU.Build.0 = Release|Any CPU
		{71FEB008-AEA4-4F82-A301-0CD5B1603EF2}.Debug|Any CPU.ActiveCfg = Debug|Any CPU
		{71FEB008-AEA4-4F82-A301-0CD5B1603EF2}.Debug|Any CPU.Build.0 = Debug|Any CPU
		{71FEB008-AEA4-4F82-A301-0CD5B1603EF2}.Release|Any CPU.ActiveCfg = Release|Any CPU
		{71FEB008-AEA4-4F82-A301-0CD5B1603EF2}.Release|Any CPU.Build.0 = Release|Any CPU
		{442098BA-0F95-474E-B3D1-E6A23EF26872}.Debug|Any CPU.ActiveCfg = Debug|Any CPU
		{442098BA-0F95-474E-B3D1-E6A23EF26872}.Debug|Any CPU.Build.0 = Debug|Any CPU
		{442098BA-0F95-474E-B3D1-E6A23EF26872}.Release|Any CPU.ActiveCfg = Release|Any CPU
		{442098BA-0F95-474E-B3D1-E6A23EF26872}.Release|Any CPU.Build.0 = Release|Any CPU
		{79D9EBFD-881A-430B-8E56-AD4DBA951B53}.Debug|Any CPU.ActiveCfg = Debug|Any CPU
		{79D9EBFD-881A-430B-8E56-AD4DBA951B53}.Debug|Any CPU.Build.0 = Debug|Any CPU
		{79D9EBFD-881A-430B-8E56-AD4DBA951B53}.Release|Any CPU.ActiveCfg = Release|Any CPU
		{79D9EBFD-881A-430B-8E56-AD4DBA951B53}.Release|Any CPU.Build.0 = Release|Any CPU
		{CAA71165-C975-44A4-BBEA-7E78F39D4F71}.Debug|Any CPU.ActiveCfg = Debug|Any CPU
		{CAA71165-C975-44A4-BBEA-7E78F39D4F71}.Debug|Any CPU.Build.0 = Debug|Any CPU
		{CAA71165-C975-44A4-BBEA-7E78F39D4F71}.Release|Any CPU.ActiveCfg = Release|Any CPU
		{CAA71165-C975-44A4-BBEA-7E78F39D4F71}.Release|Any CPU.Build.0 = Release|Any CPU
		{4F419A65-47EA-4200-9C1B-B182751EC8F4}.Debug|Any CPU.ActiveCfg = Debug|Any CPU
		{4F419A65-47EA-4200-9C1B-B182751EC8F4}.Debug|Any CPU.Build.0 = Debug|Any CPU
		{4F419A65-47EA-4200-9C1B-B182751EC8F4}.Release|Any CPU.ActiveCfg = Release|Any CPU
		{4F419A65-47EA-4200-9C1B-B182751EC8F4}.Release|Any CPU.Build.0 = Release|Any CPU
		{366EE5BB-22B8-4EC4-A86E-296DBD933882}.Debug|Any CPU.ActiveCfg = Debug|Any CPU
		{366EE5BB-22B8-4EC4-A86E-296DBD933882}.Debug|Any CPU.Build.0 = Debug|Any CPU
		{366EE5BB-22B8-4EC4-A86E-296DBD933882}.Release|Any CPU.ActiveCfg = Release|Any CPU
		{366EE5BB-22B8-4EC4-A86E-296DBD933882}.Release|Any CPU.Build.0 = Release|Any CPU
		{478A6008-4987-49E9-A504-BB595F92C386}.Debug|Any CPU.ActiveCfg = Debug|Any CPU
		{478A6008-4987-49E9-A504-BB595F92C386}.Debug|Any CPU.Build.0 = Debug|Any CPU
		{478A6008-4987-49E9-A504-BB595F92C386}.Release|Any CPU.ActiveCfg = Release|Any CPU
		{478A6008-4987-49E9-A504-BB595F92C386}.Release|Any CPU.Build.0 = Release|Any CPU
		{E1B1C7A7-2189-4D17-8E4C-F64CC17ABFA6}.Debug|Any CPU.ActiveCfg = Debug|Any CPU
		{E1B1C7A7-2189-4D17-8E4C-F64CC17ABFA6}.Debug|Any CPU.Build.0 = Debug|Any CPU
		{E1B1C7A7-2189-4D17-8E4C-F64CC17ABFA6}.Release|Any CPU.ActiveCfg = Release|Any CPU
		{E1B1C7A7-2189-4D17-8E4C-F64CC17ABFA6}.Release|Any CPU.Build.0 = Release|Any CPU
		{8C839CD3-380F-4C9F-9BCB-DFF4BA0994EF}.Debug|Any CPU.ActiveCfg = Debug|Any CPU
		{8C839CD3-380F-4C9F-9BCB-DFF4BA0994EF}.Debug|Any CPU.Build.0 = Debug|Any CPU
		{8C839CD3-380F-4C9F-9BCB-DFF4BA0994EF}.Release|Any CPU.ActiveCfg = Release|Any CPU
		{8C839CD3-380F-4C9F-9BCB-DFF4BA0994EF}.Release|Any CPU.Build.0 = Release|Any CPU
		{2E98A64F-8840-4BD4-8E3D-732CA6FE8227}.Debug|Any CPU.ActiveCfg = Debug|Any CPU
		{2E98A64F-8840-4BD4-8E3D-732CA6FE8227}.Debug|Any CPU.Build.0 = Debug|Any CPU
		{2E98A64F-8840-4BD4-8E3D-732CA6FE8227}.Release|Any CPU.ActiveCfg = Release|Any CPU
		{2E98A64F-8840-4BD4-8E3D-732CA6FE8227}.Release|Any CPU.Build.0 = Release|Any CPU
		{B5C455BA-D037-4735-9CCB-A87A0BEA7345}.Debug|Any CPU.ActiveCfg = Debug|Any CPU
		{B5C455BA-D037-4735-9CCB-A87A0BEA7345}.Debug|Any CPU.Build.0 = Debug|Any CPU
		{B5C455BA-D037-4735-9CCB-A87A0BEA7345}.Release|Any CPU.ActiveCfg = Release|Any CPU
		{B5C455BA-D037-4735-9CCB-A87A0BEA7345}.Release|Any CPU.Build.0 = Release|Any CPU
		{DD54EE13-D7A9-47FF-B9EE-1945FCC4EE45}.Debug|Any CPU.ActiveCfg = Debug|Any CPU
		{DD54EE13-D7A9-47FF-B9EE-1945FCC4EE45}.Debug|Any CPU.Build.0 = Debug|Any CPU
		{DD54EE13-D7A9-47FF-B9EE-1945FCC4EE45}.Release|Any CPU.ActiveCfg = Release|Any CPU
		{DD54EE13-D7A9-47FF-B9EE-1945FCC4EE45}.Release|Any CPU.Build.0 = Release|Any CPU
		{99062612-F358-4DE4-AEBE-1EB4A0C3DF10}.Debug|Any CPU.ActiveCfg = Debug|Any CPU
		{99062612-F358-4DE4-AEBE-1EB4A0C3DF10}.Debug|Any CPU.Build.0 = Debug|Any CPU
		{99062612-F358-4DE4-AEBE-1EB4A0C3DF10}.Release|Any CPU.ActiveCfg = Release|Any CPU
		{99062612-F358-4DE4-AEBE-1EB4A0C3DF10}.Release|Any CPU.Build.0 = Release|Any CPU
		{DDC58439-BF96-462D-9843-A1B2CCE923A4}.Debug|Any CPU.ActiveCfg = Debug|Any CPU
		{DDC58439-BF96-462D-9843-A1B2CCE923A4}.Debug|Any CPU.Build.0 = Debug|Any CPU
		{DDC58439-BF96-462D-9843-A1B2CCE923A4}.Release|Any CPU.ActiveCfg = Release|Any CPU
		{DDC58439-BF96-462D-9843-A1B2CCE923A4}.Release|Any CPU.Build.0 = Release|Any CPU
		{B9C97A8B-0D31-45F4-8D99-C1158ACF8E9D}.Debug|Any CPU.ActiveCfg = Debug|Any CPU
		{B9C97A8B-0D31-45F4-8D99-C1158ACF8E9D}.Debug|Any CPU.Build.0 = Debug|Any CPU
		{B9C97A8B-0D31-45F4-8D99-C1158ACF8E9D}.Release|Any CPU.ActiveCfg = Release|Any CPU
		{B9C97A8B-0D31-45F4-8D99-C1158ACF8E9D}.Release|Any CPU.Build.0 = Release|Any CPU
		{6D456C21-9B56-4BF0-A09A-DA80505BC0E3}.Debug|Any CPU.ActiveCfg = Debug|Any CPU
		{6D456C21-9B56-4BF0-A09A-DA80505BC0E3}.Debug|Any CPU.Build.0 = Debug|Any CPU
		{6D456C21-9B56-4BF0-A09A-DA80505BC0E3}.Release|Any CPU.ActiveCfg = Release|Any CPU
		{6D456C21-9B56-4BF0-A09A-DA80505BC0E3}.Release|Any CPU.Build.0 = Release|Any CPU
		{DEF831C9-D9E1-47E6-AF3E-143DD5ABF5DD}.Debug|Any CPU.ActiveCfg = Debug|Any CPU
		{DEF831C9-D9E1-47E6-AF3E-143DD5ABF5DD}.Debug|Any CPU.Build.0 = Debug|Any CPU
		{DEF831C9-D9E1-47E6-AF3E-143DD5ABF5DD}.Release|Any CPU.ActiveCfg = Release|Any CPU
		{DEF831C9-D9E1-47E6-AF3E-143DD5ABF5DD}.Release|Any CPU.Build.0 = Release|Any CPU
		{7CB60D72-DCD5-440A-B5D9-95578D32762D}.Debug|Any CPU.ActiveCfg = Debug|Any CPU
		{7CB60D72-DCD5-440A-B5D9-95578D32762D}.Debug|Any CPU.Build.0 = Debug|Any CPU
		{7CB60D72-DCD5-440A-B5D9-95578D32762D}.Release|Any CPU.ActiveCfg = Release|Any CPU
		{7CB60D72-DCD5-440A-B5D9-95578D32762D}.Release|Any CPU.Build.0 = Release|Any CPU
		{7594382E-230F-479A-807E-F0228E377FA0}.Debug|Any CPU.ActiveCfg = Debug|Any CPU
		{7594382E-230F-479A-807E-F0228E377FA0}.Debug|Any CPU.Build.0 = Debug|Any CPU
		{7594382E-230F-479A-807E-F0228E377FA0}.Release|Any CPU.ActiveCfg = Release|Any CPU
		{7594382E-230F-479A-807E-F0228E377FA0}.Release|Any CPU.Build.0 = Release|Any CPU
		{2891FC98-9AB8-4E80-BE42-53AE2ED96005}.Debug|Any CPU.ActiveCfg = Debug|Any CPU
		{2891FC98-9AB8-4E80-BE42-53AE2ED96005}.Debug|Any CPU.Build.0 = Debug|Any CPU
		{2891FC98-9AB8-4E80-BE42-53AE2ED96005}.Release|Any CPU.ActiveCfg = Release|Any CPU
		{2891FC98-9AB8-4E80-BE42-53AE2ED96005}.Release|Any CPU.Build.0 = Release|Any CPU
		{28B3653B-B99C-4F5C-9E15-7E958130F793}.Debug|Any CPU.ActiveCfg = Debug|Any CPU
		{28B3653B-B99C-4F5C-9E15-7E958130F793}.Debug|Any CPU.Build.0 = Debug|Any CPU
		{28B3653B-B99C-4F5C-9E15-7E958130F793}.Release|Any CPU.ActiveCfg = Release|Any CPU
		{28B3653B-B99C-4F5C-9E15-7E958130F793}.Release|Any CPU.Build.0 = Release|Any CPU
		{F95F8D93-392B-4944-87CA-6E5A5853E547}.Debug|Any CPU.ActiveCfg = Debug|Any CPU
		{F95F8D93-392B-4944-87CA-6E5A5853E547}.Debug|Any CPU.Build.0 = Debug|Any CPU
		{F95F8D93-392B-4944-87CA-6E5A5853E547}.Release|Any CPU.ActiveCfg = Release|Any CPU
		{F95F8D93-392B-4944-87CA-6E5A5853E547}.Release|Any CPU.Build.0 = Release|Any CPU
		{FDEC9F20-9137-4C08-8025-EE04B1143C80}.Debug|Any CPU.ActiveCfg = Debug|Any CPU
		{FDEC9F20-9137-4C08-8025-EE04B1143C80}.Debug|Any CPU.Build.0 = Debug|Any CPU
		{FDEC9F20-9137-4C08-8025-EE04B1143C80}.Release|Any CPU.ActiveCfg = Release|Any CPU
		{FDEC9F20-9137-4C08-8025-EE04B1143C80}.Release|Any CPU.Build.0 = Release|Any CPU
		{CE7FCDC1-D233-4EF8-925F-6309A7C299DA}.Debug|Any CPU.ActiveCfg = Debug|Any CPU
		{CE7FCDC1-D233-4EF8-925F-6309A7C299DA}.Debug|Any CPU.Build.0 = Debug|Any CPU
		{CE7FCDC1-D233-4EF8-925F-6309A7C299DA}.Release|Any CPU.ActiveCfg = Release|Any CPU
		{CE7FCDC1-D233-4EF8-925F-6309A7C299DA}.Release|Any CPU.Build.0 = Release|Any CPU
		{672080B4-D3FB-4836-9A28-D119BE9799DF}.Debug|Any CPU.ActiveCfg = Debug|Any CPU
		{672080B4-D3FB-4836-9A28-D119BE9799DF}.Debug|Any CPU.Build.0 = Debug|Any CPU
		{672080B4-D3FB-4836-9A28-D119BE9799DF}.Release|Any CPU.ActiveCfg = Release|Any CPU
		{672080B4-D3FB-4836-9A28-D119BE9799DF}.Release|Any CPU.Build.0 = Release|Any CPU
		{7B1B440C-1398-4132-A981-A707A792CF38}.Debug|Any CPU.ActiveCfg = Debug|Any CPU
		{7B1B440C-1398-4132-A981-A707A792CF38}.Debug|Any CPU.Build.0 = Debug|Any CPU
		{7B1B440C-1398-4132-A981-A707A792CF38}.Release|Any CPU.ActiveCfg = Release|Any CPU
		{7B1B440C-1398-4132-A981-A707A792CF38}.Release|Any CPU.Build.0 = Release|Any CPU
		{02AC6BAA-DF49-4D13-902A-436959105D5F}.Debug|Any CPU.ActiveCfg = Debug|Any CPU
		{02AC6BAA-DF49-4D13-902A-436959105D5F}.Debug|Any CPU.Build.0 = Debug|Any CPU
		{02AC6BAA-DF49-4D13-902A-436959105D5F}.Release|Any CPU.ActiveCfg = Release|Any CPU
		{02AC6BAA-DF49-4D13-902A-436959105D5F}.Release|Any CPU.Build.0 = Release|Any CPU
		{98D75471-1FA1-49A9-98E9-9744A183B65F}.Debug|Any CPU.ActiveCfg = Debug|Any CPU
		{98D75471-1FA1-49A9-98E9-9744A183B65F}.Debug|Any CPU.Build.0 = Debug|Any CPU
		{98D75471-1FA1-49A9-98E9-9744A183B65F}.Release|Any CPU.ActiveCfg = Release|Any CPU
		{98D75471-1FA1-49A9-98E9-9744A183B65F}.Release|Any CPU.Build.0 = Release|Any CPU
		{E60C2C64-7456-4B69-91C0-FBF193D68049}.Debug|Any CPU.ActiveCfg = Debug|Any CPU
		{E60C2C64-7456-4B69-91C0-FBF193D68049}.Debug|Any CPU.Build.0 = Debug|Any CPU
		{E60C2C64-7456-4B69-91C0-FBF193D68049}.Release|Any CPU.ActiveCfg = Release|Any CPU
		{E60C2C64-7456-4B69-91C0-FBF193D68049}.Release|Any CPU.Build.0 = Release|Any CPU
		{FCF12AC0-B1E5-49EB-9003-819221EA276E}.Debug|Any CPU.ActiveCfg = Debug|Any CPU
		{FCF12AC0-B1E5-49EB-9003-819221EA276E}.Debug|Any CPU.Build.0 = Debug|Any CPU
		{FCF12AC0-B1E5-49EB-9003-819221EA276E}.Release|Any CPU.ActiveCfg = Release|Any CPU
		{FCF12AC0-B1E5-49EB-9003-819221EA276E}.Release|Any CPU.Build.0 = Release|Any CPU
		{CF2EC244-54F6-45E9-9F51-B0C8D27F9C17}.Debug|Any CPU.ActiveCfg = Debug|Any CPU
		{CF2EC244-54F6-45E9-9F51-B0C8D27F9C17}.Debug|Any CPU.Build.0 = Debug|Any CPU
		{CF2EC244-54F6-45E9-9F51-B0C8D27F9C17}.Release|Any CPU.ActiveCfg = Release|Any CPU
		{CF2EC244-54F6-45E9-9F51-B0C8D27F9C17}.Release|Any CPU.Build.0 = Release|Any CPU
		{6C702ED7-6928-441D-A28C-AD0064D2071B}.Debug|Any CPU.ActiveCfg = Debug|Any CPU
		{6C702ED7-6928-441D-A28C-AD0064D2071B}.Debug|Any CPU.Build.0 = Debug|Any CPU
		{6C702ED7-6928-441D-A28C-AD0064D2071B}.Release|Any CPU.ActiveCfg = Release|Any CPU
		{6C702ED7-6928-441D-A28C-AD0064D2071B}.Release|Any CPU.Build.0 = Release|Any CPU
		{E5E4FB20-BFA1-467D-B4E4-7636504D8F3D}.Debug|Any CPU.ActiveCfg = Debug|Any CPU
		{E5E4FB20-BFA1-467D-B4E4-7636504D8F3D}.Debug|Any CPU.Build.0 = Debug|Any CPU
		{E5E4FB20-BFA1-467D-B4E4-7636504D8F3D}.Release|Any CPU.ActiveCfg = Release|Any CPU
		{E5E4FB20-BFA1-467D-B4E4-7636504D8F3D}.Release|Any CPU.Build.0 = Release|Any CPU
		{93AAB709-67CA-4E11-ABCD-E15AAA7B7136}.Debug|Any CPU.ActiveCfg = Debug|Any CPU
		{93AAB709-67CA-4E11-ABCD-E15AAA7B7136}.Debug|Any CPU.Build.0 = Debug|Any CPU
		{93AAB709-67CA-4E11-ABCD-E15AAA7B7136}.Release|Any CPU.ActiveCfg = Release|Any CPU
		{93AAB709-67CA-4E11-ABCD-E15AAA7B7136}.Release|Any CPU.Build.0 = Release|Any CPU
		{54F835CE-73D9-456C-9BA3-2A8AF853AE8E}.Debug|Any CPU.ActiveCfg = Debug|Any CPU
		{54F835CE-73D9-456C-9BA3-2A8AF853AE8E}.Debug|Any CPU.Build.0 = Debug|Any CPU
		{54F835CE-73D9-456C-9BA3-2A8AF853AE8E}.Release|Any CPU.ActiveCfg = Release|Any CPU
		{54F835CE-73D9-456C-9BA3-2A8AF853AE8E}.Release|Any CPU.Build.0 = Release|Any CPU
		{AFF2041B-09C7-4A57-A0F8-15E95711EC34}.Debug|Any CPU.ActiveCfg = Debug|Any CPU
		{AFF2041B-09C7-4A57-A0F8-15E95711EC34}.Debug|Any CPU.Build.0 = Debug|Any CPU
		{AFF2041B-09C7-4A57-A0F8-15E95711EC34}.Release|Any CPU.ActiveCfg = Release|Any CPU
		{AFF2041B-09C7-4A57-A0F8-15E95711EC34}.Release|Any CPU.Build.0 = Release|Any CPU
		{5661D616-83CE-4518-91C9-510B4F46B80C}.Debug|Any CPU.ActiveCfg = Debug|Any CPU
		{5661D616-83CE-4518-91C9-510B4F46B80C}.Debug|Any CPU.Build.0 = Debug|Any CPU
		{5661D616-83CE-4518-91C9-510B4F46B80C}.Release|Any CPU.ActiveCfg = Release|Any CPU
		{5661D616-83CE-4518-91C9-510B4F46B80C}.Release|Any CPU.Build.0 = Release|Any CPU
		{91B9D54C-D4CD-4C61-98A1-E1AEF8197A4A}.Debug|Any CPU.ActiveCfg = Debug|Any CPU
		{91B9D54C-D4CD-4C61-98A1-E1AEF8197A4A}.Debug|Any CPU.Build.0 = Debug|Any CPU
		{91B9D54C-D4CD-4C61-98A1-E1AEF8197A4A}.Release|Any CPU.ActiveCfg = Release|Any CPU
		{91B9D54C-D4CD-4C61-98A1-E1AEF8197A4A}.Release|Any CPU.Build.0 = Release|Any CPU
		{AEF29342-B085-47DD-97EC-313DC43D0779}.Debug|Any CPU.ActiveCfg = Debug|Any CPU
		{AEF29342-B085-47DD-97EC-313DC43D0779}.Debug|Any CPU.Build.0 = Debug|Any CPU
		{AEF29342-B085-47DD-97EC-313DC43D0779}.Release|Any CPU.ActiveCfg = Release|Any CPU
		{AEF29342-B085-47DD-97EC-313DC43D0779}.Release|Any CPU.Build.0 = Release|Any CPU
		{A52C468D-912C-4248-8E71-EA1C81646E46}.Debug|Any CPU.ActiveCfg = Debug|Any CPU
		{A52C468D-912C-4248-8E71-EA1C81646E46}.Debug|Any CPU.Build.0 = Debug|Any CPU
		{A52C468D-912C-4248-8E71-EA1C81646E46}.Release|Any CPU.ActiveCfg = Release|Any CPU
		{A52C468D-912C-4248-8E71-EA1C81646E46}.Release|Any CPU.Build.0 = Release|Any CPU
		{469B3BB9-57BF-4231-BE73-877AD6298F36}.Debug|Any CPU.ActiveCfg = Debug|Any CPU
		{469B3BB9-57BF-4231-BE73-877AD6298F36}.Debug|Any CPU.Build.0 = Debug|Any CPU
		{469B3BB9-57BF-4231-BE73-877AD6298F36}.Release|Any CPU.ActiveCfg = Release|Any CPU
		{469B3BB9-57BF-4231-BE73-877AD6298F36}.Release|Any CPU.Build.0 = Release|Any CPU
		{5A8A4C4B-2FED-4E13-9AFB-CDCA00DEB598}.Debug|Any CPU.ActiveCfg = Debug|Any CPU
		{5A8A4C4B-2FED-4E13-9AFB-CDCA00DEB598}.Debug|Any CPU.Build.0 = Debug|Any CPU
		{5A8A4C4B-2FED-4E13-9AFB-CDCA00DEB598}.Release|Any CPU.ActiveCfg = Release|Any CPU
		{5A8A4C4B-2FED-4E13-9AFB-CDCA00DEB598}.Release|Any CPU.Build.0 = Release|Any CPU
		{B161639C-F654-4DCD-ADC1-A1F43392A36C}.Debug|Any CPU.ActiveCfg = Debug|Any CPU
		{B161639C-F654-4DCD-ADC1-A1F43392A36C}.Debug|Any CPU.Build.0 = Debug|Any CPU
		{B161639C-F654-4DCD-ADC1-A1F43392A36C}.Release|Any CPU.ActiveCfg = Release|Any CPU
		{B161639C-F654-4DCD-ADC1-A1F43392A36C}.Release|Any CPU.Build.0 = Release|Any CPU
		{FBD4731E-7813-4BB1-B4D5-A676BA0376C2}.Debug|Any CPU.ActiveCfg = Debug|Any CPU
		{FBD4731E-7813-4BB1-B4D5-A676BA0376C2}.Debug|Any CPU.Build.0 = Debug|Any CPU
		{FBD4731E-7813-4BB1-B4D5-A676BA0376C2}.Release|Any CPU.ActiveCfg = Release|Any CPU
		{FBD4731E-7813-4BB1-B4D5-A676BA0376C2}.Release|Any CPU.Build.0 = Release|Any CPU
		{3B4FE74B-8A2A-4DD4-9305-EE016B6D1F91}.Debug|Any CPU.ActiveCfg = Debug|Any CPU
		{3B4FE74B-8A2A-4DD4-9305-EE016B6D1F91}.Debug|Any CPU.Build.0 = Debug|Any CPU
		{3B4FE74B-8A2A-4DD4-9305-EE016B6D1F91}.Release|Any CPU.ActiveCfg = Release|Any CPU
		{3B4FE74B-8A2A-4DD4-9305-EE016B6D1F91}.Release|Any CPU.Build.0 = Release|Any CPU
		{1307DA9B-FF47-4266-B874-B9A6C09A166A}.Debug|Any CPU.ActiveCfg = Debug|Any CPU
		{1307DA9B-FF47-4266-B874-B9A6C09A166A}.Debug|Any CPU.Build.0 = Debug|Any CPU
		{1307DA9B-FF47-4266-B874-B9A6C09A166A}.Release|Any CPU.ActiveCfg = Release|Any CPU
		{1307DA9B-FF47-4266-B874-B9A6C09A166A}.Release|Any CPU.Build.0 = Release|Any CPU
		{CA9AE946-C633-4195-889B-873348BE8384}.Debug|Any CPU.ActiveCfg = Debug|Any CPU
		{CA9AE946-C633-4195-889B-873348BE8384}.Debug|Any CPU.Build.0 = Debug|Any CPU
		{CA9AE946-C633-4195-889B-873348BE8384}.Release|Any CPU.ActiveCfg = Release|Any CPU
		{CA9AE946-C633-4195-889B-873348BE8384}.Release|Any CPU.Build.0 = Release|Any CPU
		{DE3F30D8-9AA5-4FA8-B14C-8242689E4602}.Debug|Any CPU.ActiveCfg = Debug|Any CPU
		{DE3F30D8-9AA5-4FA8-B14C-8242689E4602}.Debug|Any CPU.Build.0 = Debug|Any CPU
		{DE3F30D8-9AA5-4FA8-B14C-8242689E4602}.Release|Any CPU.ActiveCfg = Release|Any CPU
		{DE3F30D8-9AA5-4FA8-B14C-8242689E4602}.Release|Any CPU.Build.0 = Release|Any CPU
		{ED79EB53-5E53-48CC-BEEC-A2CD59A6A3CC}.Debug|Any CPU.ActiveCfg = Debug|Any CPU
		{ED79EB53-5E53-48CC-BEEC-A2CD59A6A3CC}.Debug|Any CPU.Build.0 = Debug|Any CPU
		{ED79EB53-5E53-48CC-BEEC-A2CD59A6A3CC}.Release|Any CPU.ActiveCfg = Release|Any CPU
		{ED79EB53-5E53-48CC-BEEC-A2CD59A6A3CC}.Release|Any CPU.Build.0 = Release|Any CPU
		{83C95B3C-3CEC-466D-9862-AE99C494F384}.Debug|Any CPU.ActiveCfg = Debug|Any CPU
		{83C95B3C-3CEC-466D-9862-AE99C494F384}.Debug|Any CPU.Build.0 = Debug|Any CPU
		{83C95B3C-3CEC-466D-9862-AE99C494F384}.Release|Any CPU.ActiveCfg = Release|Any CPU
		{83C95B3C-3CEC-466D-9862-AE99C494F384}.Release|Any CPU.Build.0 = Release|Any CPU
		{B8885A7D-2B2A-4FAB-8AB8-3F84838D6887}.Debug|Any CPU.ActiveCfg = Debug|Any CPU
		{B8885A7D-2B2A-4FAB-8AB8-3F84838D6887}.Debug|Any CPU.Build.0 = Debug|Any CPU
		{B8885A7D-2B2A-4FAB-8AB8-3F84838D6887}.Release|Any CPU.ActiveCfg = Release|Any CPU
		{B8885A7D-2B2A-4FAB-8AB8-3F84838D6887}.Release|Any CPU.Build.0 = Release|Any CPU
		{8F82156B-11FA-4AC6-AEE5-EC49E29074A6}.Debug|Any CPU.ActiveCfg = Debug|Any CPU
		{8F82156B-11FA-4AC6-AEE5-EC49E29074A6}.Debug|Any CPU.Build.0 = Debug|Any CPU
		{8F82156B-11FA-4AC6-AEE5-EC49E29074A6}.Release|Any CPU.ActiveCfg = Release|Any CPU
		{8F82156B-11FA-4AC6-AEE5-EC49E29074A6}.Release|Any CPU.Build.0 = Release|Any CPU
		{0ED6C9CA-0DB8-481D-BC43-DECD688871D8}.Debug|Any CPU.ActiveCfg = Debug|Any CPU
		{0ED6C9CA-0DB8-481D-BC43-DECD688871D8}.Debug|Any CPU.Build.0 = Debug|Any CPU
		{0ED6C9CA-0DB8-481D-BC43-DECD688871D8}.Release|Any CPU.ActiveCfg = Release|Any CPU
		{0ED6C9CA-0DB8-481D-BC43-DECD688871D8}.Release|Any CPU.Build.0 = Release|Any CPU
		{9C1CFC6E-C486-4251-A612-145128AB9625}.Debug|Any CPU.ActiveCfg = Debug|Any CPU
		{9C1CFC6E-C486-4251-A612-145128AB9625}.Debug|Any CPU.Build.0 = Debug|Any CPU
		{9C1CFC6E-C486-4251-A612-145128AB9625}.Release|Any CPU.ActiveCfg = Release|Any CPU
		{9C1CFC6E-C486-4251-A612-145128AB9625}.Release|Any CPU.Build.0 = Release|Any CPU
		{9A8D4A69-560F-48D1-ABAA-12FF2CD8FABC}.Debug|Any CPU.ActiveCfg = Debug|Any CPU
		{9A8D4A69-560F-48D1-ABAA-12FF2CD8FABC}.Debug|Any CPU.Build.0 = Debug|Any CPU
		{9A8D4A69-560F-48D1-ABAA-12FF2CD8FABC}.Release|Any CPU.ActiveCfg = Release|Any CPU
		{9A8D4A69-560F-48D1-ABAA-12FF2CD8FABC}.Release|Any CPU.Build.0 = Release|Any CPU
		{AC5B213A-BCF1-4C7D-882B-B1F67D51DAE3}.Debug|Any CPU.ActiveCfg = Debug|Any CPU
		{AC5B213A-BCF1-4C7D-882B-B1F67D51DAE3}.Debug|Any CPU.Build.0 = Debug|Any CPU
		{AC5B213A-BCF1-4C7D-882B-B1F67D51DAE3}.Release|Any CPU.ActiveCfg = Release|Any CPU
		{AC5B213A-BCF1-4C7D-882B-B1F67D51DAE3}.Release|Any CPU.Build.0 = Release|Any CPU
		{D5735426-7D4D-4A13-B8D8-7D3EA25E57CC}.Debug|Any CPU.ActiveCfg = Debug|Any CPU
		{D5735426-7D4D-4A13-B8D8-7D3EA25E57CC}.Debug|Any CPU.Build.0 = Debug|Any CPU
		{D5735426-7D4D-4A13-B8D8-7D3EA25E57CC}.Release|Any CPU.ActiveCfg = Release|Any CPU
		{D5735426-7D4D-4A13-B8D8-7D3EA25E57CC}.Release|Any CPU.Build.0 = Release|Any CPU
		{3BB19D53-8FB1-4173-975E-1EAEB7E00CC0}.Debug|Any CPU.ActiveCfg = Debug|Any CPU
		{3BB19D53-8FB1-4173-975E-1EAEB7E00CC0}.Debug|Any CPU.Build.0 = Debug|Any CPU
		{3BB19D53-8FB1-4173-975E-1EAEB7E00CC0}.Release|Any CPU.ActiveCfg = Release|Any CPU
		{3BB19D53-8FB1-4173-975E-1EAEB7E00CC0}.Release|Any CPU.Build.0 = Release|Any CPU
		{0FEABE57-0280-4092-A607-4D496994FB92}.Debug|Any CPU.ActiveCfg = Debug|Any CPU
		{0FEABE57-0280-4092-A607-4D496994FB92}.Debug|Any CPU.Build.0 = Debug|Any CPU
		{0FEABE57-0280-4092-A607-4D496994FB92}.Release|Any CPU.ActiveCfg = Release|Any CPU
		{0FEABE57-0280-4092-A607-4D496994FB92}.Release|Any CPU.Build.0 = Release|Any CPU
		{59CB5F80-D6C9-44E7-8CA3-E501D11A787B}.Debug|Any CPU.ActiveCfg = Debug|Any CPU
		{59CB5F80-D6C9-44E7-8CA3-E501D11A787B}.Debug|Any CPU.Build.0 = Debug|Any CPU
		{59CB5F80-D6C9-44E7-8CA3-E501D11A787B}.Release|Any CPU.ActiveCfg = Release|Any CPU
		{59CB5F80-D6C9-44E7-8CA3-E501D11A787B}.Release|Any CPU.Build.0 = Release|Any CPU
		{201ABCC6-C44B-4FEE-BF2B-AAC8B14E14BC}.Debug|Any CPU.ActiveCfg = Debug|Any CPU
		{201ABCC6-C44B-4FEE-BF2B-AAC8B14E14BC}.Debug|Any CPU.Build.0 = Debug|Any CPU
		{201ABCC6-C44B-4FEE-BF2B-AAC8B14E14BC}.Release|Any CPU.ActiveCfg = Release|Any CPU
		{201ABCC6-C44B-4FEE-BF2B-AAC8B14E14BC}.Release|Any CPU.Build.0 = Release|Any CPU
		{00E7D7B3-071B-4058-95B6-A051B6FA64A2}.Debug|Any CPU.ActiveCfg = Debug|Any CPU
		{00E7D7B3-071B-4058-95B6-A051B6FA64A2}.Debug|Any CPU.Build.0 = Debug|Any CPU
		{00E7D7B3-071B-4058-95B6-A051B6FA64A2}.Release|Any CPU.ActiveCfg = Release|Any CPU
		{00E7D7B3-071B-4058-95B6-A051B6FA64A2}.Release|Any CPU.Build.0 = Release|Any CPU
		{BC5F58B3-DB4D-47EB-A37C-33D289B236C0}.Debug|Any CPU.ActiveCfg = Debug|Any CPU
		{BC5F58B3-DB4D-47EB-A37C-33D289B236C0}.Debug|Any CPU.Build.0 = Debug|Any CPU
		{BC5F58B3-DB4D-47EB-A37C-33D289B236C0}.Release|Any CPU.ActiveCfg = Release|Any CPU
		{BC5F58B3-DB4D-47EB-A37C-33D289B236C0}.Release|Any CPU.Build.0 = Release|Any CPU
		{436C43CB-CBCF-457D-893A-7D9A32247DA8}.Debug|Any CPU.ActiveCfg = Debug|Any CPU
		{436C43CB-CBCF-457D-893A-7D9A32247DA8}.Debug|Any CPU.Build.0 = Debug|Any CPU
		{436C43CB-CBCF-457D-893A-7D9A32247DA8}.Release|Any CPU.ActiveCfg = Release|Any CPU
		{436C43CB-CBCF-457D-893A-7D9A32247DA8}.Release|Any CPU.Build.0 = Release|Any CPU
		{18F540E8-DB50-4716-B219-9FB32DC1D7EA}.Debug|Any CPU.ActiveCfg = Debug|Any CPU
		{18F540E8-DB50-4716-B219-9FB32DC1D7EA}.Debug|Any CPU.Build.0 = Debug|Any CPU
		{18F540E8-DB50-4716-B219-9FB32DC1D7EA}.Release|Any CPU.ActiveCfg = Release|Any CPU
		{18F540E8-DB50-4716-B219-9FB32DC1D7EA}.Release|Any CPU.Build.0 = Release|Any CPU
		{C01FBCEF-6725-4EDB-9F5A-565C09FA14AC}.Debug|Any CPU.ActiveCfg = Debug|Any CPU
		{C01FBCEF-6725-4EDB-9F5A-565C09FA14AC}.Debug|Any CPU.Build.0 = Debug|Any CPU
		{C01FBCEF-6725-4EDB-9F5A-565C09FA14AC}.Release|Any CPU.ActiveCfg = Release|Any CPU
		{C01FBCEF-6725-4EDB-9F5A-565C09FA14AC}.Release|Any CPU.Build.0 = Release|Any CPU
		{8646153F-6A03-4C88-A4AF-4347F2C4DE94}.Debug|Any CPU.ActiveCfg = Debug|Any CPU
		{8646153F-6A03-4C88-A4AF-4347F2C4DE94}.Debug|Any CPU.Build.0 = Debug|Any CPU
		{8646153F-6A03-4C88-A4AF-4347F2C4DE94}.Release|Any CPU.ActiveCfg = Release|Any CPU
		{8646153F-6A03-4C88-A4AF-4347F2C4DE94}.Release|Any CPU.Build.0 = Release|Any CPU
		{99553DFB-2397-42BD-B33A-496D8B428AF0}.Debug|Any CPU.ActiveCfg = Debug|Any CPU
		{99553DFB-2397-42BD-B33A-496D8B428AF0}.Debug|Any CPU.Build.0 = Debug|Any CPU
		{99553DFB-2397-42BD-B33A-496D8B428AF0}.Release|Any CPU.ActiveCfg = Release|Any CPU
		{99553DFB-2397-42BD-B33A-496D8B428AF0}.Release|Any CPU.Build.0 = Release|Any CPU
		{8DC8403E-AC14-4D93-AE8B-8B41CEFB6247}.Debug|Any CPU.ActiveCfg = Debug|Any CPU
		{8DC8403E-AC14-4D93-AE8B-8B41CEFB6247}.Debug|Any CPU.Build.0 = Debug|Any CPU
		{8DC8403E-AC14-4D93-AE8B-8B41CEFB6247}.Release|Any CPU.ActiveCfg = Release|Any CPU
		{8DC8403E-AC14-4D93-AE8B-8B41CEFB6247}.Release|Any CPU.Build.0 = Release|Any CPU
		{F0442BB3-6D03-4796-BCBF-B8F364DF7D16}.Debug|Any CPU.ActiveCfg = Debug|Any CPU
		{F0442BB3-6D03-4796-BCBF-B8F364DF7D16}.Debug|Any CPU.Build.0 = Debug|Any CPU
		{F0442BB3-6D03-4796-BCBF-B8F364DF7D16}.Release|Any CPU.ActiveCfg = Release|Any CPU
		{F0442BB3-6D03-4796-BCBF-B8F364DF7D16}.Release|Any CPU.Build.0 = Release|Any CPU
		{20F130B4-DB81-4F24-A66E-AFABB01653E8}.Debug|Any CPU.ActiveCfg = Debug|Any CPU
		{20F130B4-DB81-4F24-A66E-AFABB01653E8}.Debug|Any CPU.Build.0 = Debug|Any CPU
		{20F130B4-DB81-4F24-A66E-AFABB01653E8}.Release|Any CPU.ActiveCfg = Release|Any CPU
		{20F130B4-DB81-4F24-A66E-AFABB01653E8}.Release|Any CPU.Build.0 = Release|Any CPU
		{4811B384-A19E-477F-AA3D-9DED62DFBF29}.Debug|Any CPU.ActiveCfg = Debug|Any CPU
		{4811B384-A19E-477F-AA3D-9DED62DFBF29}.Debug|Any CPU.Build.0 = Debug|Any CPU
		{4811B384-A19E-477F-AA3D-9DED62DFBF29}.Release|Any CPU.ActiveCfg = Release|Any CPU
		{4811B384-A19E-477F-AA3D-9DED62DFBF29}.Release|Any CPU.Build.0 = Release|Any CPU
		{2D6CFBF5-7297-4CB7-B08F-97E8B1F18CB0}.Debug|Any CPU.ActiveCfg = Debug|Any CPU
		{2D6CFBF5-7297-4CB7-B08F-97E8B1F18CB0}.Debug|Any CPU.Build.0 = Debug|Any CPU
		{2D6CFBF5-7297-4CB7-B08F-97E8B1F18CB0}.Release|Any CPU.ActiveCfg = Release|Any CPU
		{2D6CFBF5-7297-4CB7-B08F-97E8B1F18CB0}.Release|Any CPU.Build.0 = Release|Any CPU
		{8CE52CD3-1406-49BA-9D9B-4E050AB7C199}.Debug|Any CPU.ActiveCfg = Debug|Any CPU
		{8CE52CD3-1406-49BA-9D9B-4E050AB7C199}.Debug|Any CPU.Build.0 = Debug|Any CPU
		{8CE52CD3-1406-49BA-9D9B-4E050AB7C199}.Release|Any CPU.ActiveCfg = Release|Any CPU
		{8CE52CD3-1406-49BA-9D9B-4E050AB7C199}.Release|Any CPU.Build.0 = Release|Any CPU
		{DFCAB61F-3A83-4B41-8601-261973BB56F0}.Debug|Any CPU.ActiveCfg = Debug|Any CPU
		{DFCAB61F-3A83-4B41-8601-261973BB56F0}.Debug|Any CPU.Build.0 = Debug|Any CPU
		{DFCAB61F-3A83-4B41-8601-261973BB56F0}.Release|Any CPU.ActiveCfg = Release|Any CPU
		{DFCAB61F-3A83-4B41-8601-261973BB56F0}.Release|Any CPU.Build.0 = Release|Any CPU
		{B4B7A8F1-CF2D-42AC-A57A-5A8135046F7B}.Debug|Any CPU.ActiveCfg = Debug|Any CPU
		{B4B7A8F1-CF2D-42AC-A57A-5A8135046F7B}.Debug|Any CPU.Build.0 = Debug|Any CPU
		{B4B7A8F1-CF2D-42AC-A57A-5A8135046F7B}.Release|Any CPU.ActiveCfg = Release|Any CPU
		{B4B7A8F1-CF2D-42AC-A57A-5A8135046F7B}.Release|Any CPU.Build.0 = Release|Any CPU
		{77A4A1A0-EB52-49C1-BC7C-B617956E977B}.Debug|Any CPU.ActiveCfg = Debug|Any CPU
		{77A4A1A0-EB52-49C1-BC7C-B617956E977B}.Debug|Any CPU.Build.0 = Debug|Any CPU
		{77A4A1A0-EB52-49C1-BC7C-B617956E977B}.Release|Any CPU.ActiveCfg = Release|Any CPU
		{77A4A1A0-EB52-49C1-BC7C-B617956E977B}.Release|Any CPU.Build.0 = Release|Any CPU
		{FBD79552-05FC-4B6E-A57F-397140AC431E}.Debug|Any CPU.ActiveCfg = Debug|Any CPU
		{FBD79552-05FC-4B6E-A57F-397140AC431E}.Debug|Any CPU.Build.0 = Debug|Any CPU
		{FBD79552-05FC-4B6E-A57F-397140AC431E}.Release|Any CPU.ActiveCfg = Release|Any CPU
		{FBD79552-05FC-4B6E-A57F-397140AC431E}.Release|Any CPU.Build.0 = Release|Any CPU
		{4E207CF2-765C-4F56-A972-77A4826710FF}.Debug|Any CPU.ActiveCfg = Debug|Any CPU
		{4E207CF2-765C-4F56-A972-77A4826710FF}.Debug|Any CPU.Build.0 = Debug|Any CPU
		{4E207CF2-765C-4F56-A972-77A4826710FF}.Release|Any CPU.ActiveCfg = Release|Any CPU
		{4E207CF2-765C-4F56-A972-77A4826710FF}.Release|Any CPU.Build.0 = Release|Any CPU
		{F8807F2A-DA84-4305-B69F-5E70B0007CE1}.Debug|Any CPU.ActiveCfg = Debug|Any CPU
		{F8807F2A-DA84-4305-B69F-5E70B0007CE1}.Debug|Any CPU.Build.0 = Debug|Any CPU
		{F8807F2A-DA84-4305-B69F-5E70B0007CE1}.Release|Any CPU.ActiveCfg = Release|Any CPU
		{F8807F2A-DA84-4305-B69F-5E70B0007CE1}.Release|Any CPU.Build.0 = Release|Any CPU
		{8B0A65B2-098A-4744-BAE9-B508B6E74672}.Debug|Any CPU.ActiveCfg = Debug|Any CPU
		{8B0A65B2-098A-4744-BAE9-B508B6E74672}.Debug|Any CPU.Build.0 = Debug|Any CPU
		{8B0A65B2-098A-4744-BAE9-B508B6E74672}.Release|Any CPU.ActiveCfg = Release|Any CPU
		{8B0A65B2-098A-4744-BAE9-B508B6E74672}.Release|Any CPU.Build.0 = Release|Any CPU
		{B9B8B630-BAD1-48FC-8E16-7418AF420727}.Debug|Any CPU.ActiveCfg = Debug|Any CPU
		{B9B8B630-BAD1-48FC-8E16-7418AF420727}.Debug|Any CPU.Build.0 = Debug|Any CPU
		{B9B8B630-BAD1-48FC-8E16-7418AF420727}.Release|Any CPU.ActiveCfg = Release|Any CPU
		{B9B8B630-BAD1-48FC-8E16-7418AF420727}.Release|Any CPU.Build.0 = Release|Any CPU
		{9F27829C-A7A8-4CA3-B977-4AA42BC27F33}.Debug|Any CPU.ActiveCfg = Debug|Any CPU
		{9F27829C-A7A8-4CA3-B977-4AA42BC27F33}.Debug|Any CPU.Build.0 = Debug|Any CPU
		{9F27829C-A7A8-4CA3-B977-4AA42BC27F33}.Release|Any CPU.ActiveCfg = Release|Any CPU
		{9F27829C-A7A8-4CA3-B977-4AA42BC27F33}.Release|Any CPU.Build.0 = Release|Any CPU
		{165E22E0-5D67-449A-B48B-834E6BD4797B}.Debug|Any CPU.ActiveCfg = Debug|Any CPU
		{165E22E0-5D67-449A-B48B-834E6BD4797B}.Debug|Any CPU.Build.0 = Debug|Any CPU
		{165E22E0-5D67-449A-B48B-834E6BD4797B}.Release|Any CPU.ActiveCfg = Release|Any CPU
		{165E22E0-5D67-449A-B48B-834E6BD4797B}.Release|Any CPU.Build.0 = Release|Any CPU
		{75870BDC-80BC-47D9-88C0-67BA96F5A602}.Debug|Any CPU.ActiveCfg = Debug|Any CPU
		{75870BDC-80BC-47D9-88C0-67BA96F5A602}.Debug|Any CPU.Build.0 = Debug|Any CPU
		{75870BDC-80BC-47D9-88C0-67BA96F5A602}.Release|Any CPU.ActiveCfg = Release|Any CPU
		{75870BDC-80BC-47D9-88C0-67BA96F5A602}.Release|Any CPU.Build.0 = Release|Any CPU
		{CF11F7E4-1F65-445B-A0DD-7156E1F6CEE1}.Debug|Any CPU.ActiveCfg = Debug|Any CPU
		{CF11F7E4-1F65-445B-A0DD-7156E1F6CEE1}.Debug|Any CPU.Build.0 = Debug|Any CPU
		{CF11F7E4-1F65-445B-A0DD-7156E1F6CEE1}.Release|Any CPU.ActiveCfg = Release|Any CPU
		{CF11F7E4-1F65-445B-A0DD-7156E1F6CEE1}.Release|Any CPU.Build.0 = Release|Any CPU
		{572A7840-83A0-4FAC-89A5-8253E8159401}.Debug|Any CPU.ActiveCfg = Debug|Any CPU
		{572A7840-83A0-4FAC-89A5-8253E8159401}.Debug|Any CPU.Build.0 = Debug|Any CPU
		{572A7840-83A0-4FAC-89A5-8253E8159401}.Release|Any CPU.ActiveCfg = Release|Any CPU
		{572A7840-83A0-4FAC-89A5-8253E8159401}.Release|Any CPU.Build.0 = Release|Any CPU
		{D3BA3913-D09E-4D92-82F8-366A0A4E064E}.Debug|Any CPU.ActiveCfg = Debug|Any CPU
		{D3BA3913-D09E-4D92-82F8-366A0A4E064E}.Debug|Any CPU.Build.0 = Debug|Any CPU
		{D3BA3913-D09E-4D92-82F8-366A0A4E064E}.Release|Any CPU.ActiveCfg = Release|Any CPU
		{D3BA3913-D09E-4D92-82F8-366A0A4E064E}.Release|Any CPU.Build.0 = Release|Any CPU
		{ACE2EB3E-942D-4B04-B038-786E6E90FE67}.Debug|Any CPU.ActiveCfg = Debug|Any CPU
		{ACE2EB3E-942D-4B04-B038-786E6E90FE67}.Debug|Any CPU.Build.0 = Debug|Any CPU
		{ACE2EB3E-942D-4B04-B038-786E6E90FE67}.Release|Any CPU.ActiveCfg = Release|Any CPU
		{ACE2EB3E-942D-4B04-B038-786E6E90FE67}.Release|Any CPU.Build.0 = Release|Any CPU
		{2A03A1A9-DD97-4FC9-A2F1-EC1263982DBB}.Debug|Any CPU.ActiveCfg = Debug|Any CPU
		{2A03A1A9-DD97-4FC9-A2F1-EC1263982DBB}.Debug|Any CPU.Build.0 = Debug|Any CPU
		{2A03A1A9-DD97-4FC9-A2F1-EC1263982DBB}.Release|Any CPU.ActiveCfg = Release|Any CPU
		{2A03A1A9-DD97-4FC9-A2F1-EC1263982DBB}.Release|Any CPU.Build.0 = Release|Any CPU
		{7842007A-932A-4A66-BF1D-FD4848E31663}.Debug|Any CPU.ActiveCfg = Debug|Any CPU
		{7842007A-932A-4A66-BF1D-FD4848E31663}.Debug|Any CPU.Build.0 = Debug|Any CPU
		{7842007A-932A-4A66-BF1D-FD4848E31663}.Release|Any CPU.ActiveCfg = Release|Any CPU
		{7842007A-932A-4A66-BF1D-FD4848E31663}.Release|Any CPU.Build.0 = Release|Any CPU
		{478B20E3-AAE4-4575-8272-D111ABF26877}.Debug|Any CPU.ActiveCfg = Debug|Any CPU
		{478B20E3-AAE4-4575-8272-D111ABF26877}.Debug|Any CPU.Build.0 = Debug|Any CPU
		{478B20E3-AAE4-4575-8272-D111ABF26877}.Release|Any CPU.ActiveCfg = Release|Any CPU
		{478B20E3-AAE4-4575-8272-D111ABF26877}.Release|Any CPU.Build.0 = Release|Any CPU
		{707DEC92-9B7A-4333-A66C-330076979A15}.Debug|Any CPU.ActiveCfg = Debug|Any CPU
		{707DEC92-9B7A-4333-A66C-330076979A15}.Debug|Any CPU.Build.0 = Debug|Any CPU
		{707DEC92-9B7A-4333-A66C-330076979A15}.Release|Any CPU.ActiveCfg = Release|Any CPU
		{707DEC92-9B7A-4333-A66C-330076979A15}.Release|Any CPU.Build.0 = Release|Any CPU
		{46FA115E-3ABD-420B-BAE0-8EF71A594B6A}.Debug|Any CPU.ActiveCfg = Debug|Any CPU
		{46FA115E-3ABD-420B-BAE0-8EF71A594B6A}.Debug|Any CPU.Build.0 = Debug|Any CPU
		{46FA115E-3ABD-420B-BAE0-8EF71A594B6A}.Release|Any CPU.ActiveCfg = Release|Any CPU
		{46FA115E-3ABD-420B-BAE0-8EF71A594B6A}.Release|Any CPU.Build.0 = Release|Any CPU
		{4EB0C321-79B2-4145-9B89-A4107C799290}.Debug|Any CPU.ActiveCfg = Debug|Any CPU
		{4EB0C321-79B2-4145-9B89-A4107C799290}.Debug|Any CPU.Build.0 = Debug|Any CPU
		{4EB0C321-79B2-4145-9B89-A4107C799290}.Release|Any CPU.ActiveCfg = Release|Any CPU
		{4EB0C321-79B2-4145-9B89-A4107C799290}.Release|Any CPU.Build.0 = Release|Any CPU
		{89C35223-C513-4850-8409-69D25D25AA2D}.Debug|Any CPU.ActiveCfg = Debug|Any CPU
		{89C35223-C513-4850-8409-69D25D25AA2D}.Debug|Any CPU.Build.0 = Debug|Any CPU
		{89C35223-C513-4850-8409-69D25D25AA2D}.Release|Any CPU.ActiveCfg = Release|Any CPU
		{89C35223-C513-4850-8409-69D25D25AA2D}.Release|Any CPU.Build.0 = Release|Any CPU
		{6C734FE3-E7DC-4536-A0A1-9E59AD4B803E}.Debug|Any CPU.ActiveCfg = Debug|Any CPU
		{6C734FE3-E7DC-4536-A0A1-9E59AD4B803E}.Debug|Any CPU.Build.0 = Debug|Any CPU
		{6C734FE3-E7DC-4536-A0A1-9E59AD4B803E}.Release|Any CPU.ActiveCfg = Release|Any CPU
		{6C734FE3-E7DC-4536-A0A1-9E59AD4B803E}.Release|Any CPU.Build.0 = Release|Any CPU
		{4D7DA551-8C15-4BEE-8818-93A3774DF488}.Debug|Any CPU.ActiveCfg = Debug|Any CPU
		{4D7DA551-8C15-4BEE-8818-93A3774DF488}.Debug|Any CPU.Build.0 = Debug|Any CPU
		{4D7DA551-8C15-4BEE-8818-93A3774DF488}.Release|Any CPU.ActiveCfg = Release|Any CPU
		{4D7DA551-8C15-4BEE-8818-93A3774DF488}.Release|Any CPU.Build.0 = Release|Any CPU
		{2CB95EC2-B4BA-4830-B65B-029C244E178D}.Debug|Any CPU.ActiveCfg = Debug|Any CPU
		{2CB95EC2-B4BA-4830-B65B-029C244E178D}.Debug|Any CPU.Build.0 = Debug|Any CPU
		{2CB95EC2-B4BA-4830-B65B-029C244E178D}.Release|Any CPU.ActiveCfg = Release|Any CPU
		{2CB95EC2-B4BA-4830-B65B-029C244E178D}.Release|Any CPU.Build.0 = Release|Any CPU
		{2FA717A1-266E-4A0B-A427-B800B6ED2574}.Debug|Any CPU.ActiveCfg = Debug|Any CPU
		{2FA717A1-266E-4A0B-A427-B800B6ED2574}.Debug|Any CPU.Build.0 = Debug|Any CPU
		{2FA717A1-266E-4A0B-A427-B800B6ED2574}.Release|Any CPU.ActiveCfg = Release|Any CPU
		{2FA717A1-266E-4A0B-A427-B800B6ED2574}.Release|Any CPU.Build.0 = Release|Any CPU
		{A3CB36E9-10F8-4192-907C-AC16063D3670}.Debug|Any CPU.ActiveCfg = Debug|Any CPU
		{A3CB36E9-10F8-4192-907C-AC16063D3670}.Debug|Any CPU.Build.0 = Debug|Any CPU
		{A3CB36E9-10F8-4192-907C-AC16063D3670}.Release|Any CPU.ActiveCfg = Release|Any CPU
		{A3CB36E9-10F8-4192-907C-AC16063D3670}.Release|Any CPU.Build.0 = Release|Any CPU
		{77CBA374-5016-4F0D-8BC5-73AA48BC8E12}.Debug|Any CPU.ActiveCfg = Debug|Any CPU
		{77CBA374-5016-4F0D-8BC5-73AA48BC8E12}.Debug|Any CPU.Build.0 = Debug|Any CPU
		{77CBA374-5016-4F0D-8BC5-73AA48BC8E12}.Release|Any CPU.ActiveCfg = Release|Any CPU
		{77CBA374-5016-4F0D-8BC5-73AA48BC8E12}.Release|Any CPU.Build.0 = Release|Any CPU
		{DB6201D3-1317-4E46-A554-8C5D2DD355EC}.Debug|Any CPU.ActiveCfg = Debug|Any CPU
		{DB6201D3-1317-4E46-A554-8C5D2DD355EC}.Debug|Any CPU.Build.0 = Debug|Any CPU
		{DB6201D3-1317-4E46-A554-8C5D2DD355EC}.Release|Any CPU.ActiveCfg = Release|Any CPU
		{DB6201D3-1317-4E46-A554-8C5D2DD355EC}.Release|Any CPU.Build.0 = Release|Any CPU
		{E2FC4E72-D661-41AD-9C14-ED644DC4837E}.Debug|Any CPU.ActiveCfg = Debug|Any CPU
		{E2FC4E72-D661-41AD-9C14-ED644DC4837E}.Debug|Any CPU.Build.0 = Debug|Any CPU
		{E2FC4E72-D661-41AD-9C14-ED644DC4837E}.Release|Any CPU.ActiveCfg = Release|Any CPU
		{E2FC4E72-D661-41AD-9C14-ED644DC4837E}.Release|Any CPU.Build.0 = Release|Any CPU
		{29E0A7AB-6781-4BB9-96BE-C4E7683A3861}.Debug|Any CPU.ActiveCfg = Debug|Any CPU
		{29E0A7AB-6781-4BB9-96BE-C4E7683A3861}.Debug|Any CPU.Build.0 = Debug|Any CPU
		{29E0A7AB-6781-4BB9-96BE-C4E7683A3861}.Release|Any CPU.ActiveCfg = Release|Any CPU
		{29E0A7AB-6781-4BB9-96BE-C4E7683A3861}.Release|Any CPU.Build.0 = Release|Any CPU
		{1C1C1F08-D824-418E-9CF6-F716E90F7C35}.Debug|Any CPU.ActiveCfg = Debug|Any CPU
		{1C1C1F08-D824-418E-9CF6-F716E90F7C35}.Debug|Any CPU.Build.0 = Debug|Any CPU
		{1C1C1F08-D824-418E-9CF6-F716E90F7C35}.Release|Any CPU.ActiveCfg = Release|Any CPU
		{1C1C1F08-D824-418E-9CF6-F716E90F7C35}.Release|Any CPU.Build.0 = Release|Any CPU
		{3F96548C-7A70-4AA7-949E-ED8D7A74E892}.Debug|Any CPU.ActiveCfg = Debug|Any CPU
		{3F96548C-7A70-4AA7-949E-ED8D7A74E892}.Debug|Any CPU.Build.0 = Debug|Any CPU
		{3F96548C-7A70-4AA7-949E-ED8D7A74E892}.Release|Any CPU.ActiveCfg = Release|Any CPU
		{3F96548C-7A70-4AA7-949E-ED8D7A74E892}.Release|Any CPU.Build.0 = Release|Any CPU
		{9DCC650C-CBBF-4BC7-B98A-0022414EA1A8}.Debug|Any CPU.ActiveCfg = Debug|Any CPU
		{9DCC650C-CBBF-4BC7-B98A-0022414EA1A8}.Debug|Any CPU.Build.0 = Debug|Any CPU
		{9DCC650C-CBBF-4BC7-B98A-0022414EA1A8}.Release|Any CPU.ActiveCfg = Release|Any CPU
		{9DCC650C-CBBF-4BC7-B98A-0022414EA1A8}.Release|Any CPU.Build.0 = Release|Any CPU
		{1CB907C7-EE6F-4AFC-8CB3-DF57E1AE78FF}.Debug|Any CPU.ActiveCfg = Debug|Any CPU
		{1CB907C7-EE6F-4AFC-8CB3-DF57E1AE78FF}.Debug|Any CPU.Build.0 = Debug|Any CPU
		{1CB907C7-EE6F-4AFC-8CB3-DF57E1AE78FF}.Release|Any CPU.ActiveCfg = Release|Any CPU
		{1CB907C7-EE6F-4AFC-8CB3-DF57E1AE78FF}.Release|Any CPU.Build.0 = Release|Any CPU
		{51256096-05C8-4799-B147-E6FBDF98A7F3}.Debug|Any CPU.ActiveCfg = Debug|Any CPU
		{51256096-05C8-4799-B147-E6FBDF98A7F3}.Debug|Any CPU.Build.0 = Debug|Any CPU
		{51256096-05C8-4799-B147-E6FBDF98A7F3}.Release|Any CPU.ActiveCfg = Release|Any CPU
		{51256096-05C8-4799-B147-E6FBDF98A7F3}.Release|Any CPU.Build.0 = Release|Any CPU
		{2CEDEDF7-EF5B-4696-954F-4F97AB89733C}.Debug|Any CPU.ActiveCfg = Debug|Any CPU
		{2CEDEDF7-EF5B-4696-954F-4F97AB89733C}.Debug|Any CPU.Build.0 = Debug|Any CPU
		{2CEDEDF7-EF5B-4696-954F-4F97AB89733C}.Release|Any CPU.ActiveCfg = Release|Any CPU
		{2CEDEDF7-EF5B-4696-954F-4F97AB89733C}.Release|Any CPU.Build.0 = Release|Any CPU
		{80DB62CB-EC6A-423A-8F4E-F1EEF3199FFF}.Debug|Any CPU.ActiveCfg = Debug|Any CPU
		{80DB62CB-EC6A-423A-8F4E-F1EEF3199FFF}.Debug|Any CPU.Build.0 = Debug|Any CPU
		{80DB62CB-EC6A-423A-8F4E-F1EEF3199FFF}.Release|Any CPU.ActiveCfg = Release|Any CPU
		{80DB62CB-EC6A-423A-8F4E-F1EEF3199FFF}.Release|Any CPU.Build.0 = Release|Any CPU
		{44C04626-0441-4FBB-A0DB-F1011F250C89}.Debug|Any CPU.ActiveCfg = Debug|Any CPU
		{44C04626-0441-4FBB-A0DB-F1011F250C89}.Debug|Any CPU.Build.0 = Debug|Any CPU
		{44C04626-0441-4FBB-A0DB-F1011F250C89}.Release|Any CPU.ActiveCfg = Release|Any CPU
		{44C04626-0441-4FBB-A0DB-F1011F250C89}.Release|Any CPU.Build.0 = Release|Any CPU
		{A20D14E9-591C-41BB-8ABE-576D9242AFAC}.Debug|Any CPU.ActiveCfg = Debug|Any CPU
		{A20D14E9-591C-41BB-8ABE-576D9242AFAC}.Debug|Any CPU.Build.0 = Debug|Any CPU
		{A20D14E9-591C-41BB-8ABE-576D9242AFAC}.Release|Any CPU.ActiveCfg = Release|Any CPU
		{A20D14E9-591C-41BB-8ABE-576D9242AFAC}.Release|Any CPU.Build.0 = Release|Any CPU
		{ECA0FC04-5C9E-465F-95AB-51C9CF238DDB}.Debug|Any CPU.ActiveCfg = Debug|Any CPU
		{ECA0FC04-5C9E-465F-95AB-51C9CF238DDB}.Debug|Any CPU.Build.0 = Debug|Any CPU
		{ECA0FC04-5C9E-465F-95AB-51C9CF238DDB}.Release|Any CPU.ActiveCfg = Release|Any CPU
		{ECA0FC04-5C9E-465F-95AB-51C9CF238DDB}.Release|Any CPU.Build.0 = Release|Any CPU
		{C8629B7E-D07F-40D1-B6F3-20C5052B02CD}.Debug|Any CPU.ActiveCfg = Debug|Any CPU
		{C8629B7E-D07F-40D1-B6F3-20C5052B02CD}.Debug|Any CPU.Build.0 = Debug|Any CPU
		{C8629B7E-D07F-40D1-B6F3-20C5052B02CD}.Release|Any CPU.ActiveCfg = Release|Any CPU
		{C8629B7E-D07F-40D1-B6F3-20C5052B02CD}.Release|Any CPU.Build.0 = Release|Any CPU
		{3921A435-6181-499D-B2E4-F517366377E4}.Debug|Any CPU.ActiveCfg = Debug|Any CPU
		{3921A435-6181-499D-B2E4-F517366377E4}.Debug|Any CPU.Build.0 = Debug|Any CPU
		{3921A435-6181-499D-B2E4-F517366377E4}.Release|Any CPU.ActiveCfg = Release|Any CPU
		{3921A435-6181-499D-B2E4-F517366377E4}.Release|Any CPU.Build.0 = Release|Any CPU
		{87B1A14E-89D0-44B0-97D9-323348F18833}.Debug|Any CPU.ActiveCfg = Debug|Any CPU
		{87B1A14E-89D0-44B0-97D9-323348F18833}.Debug|Any CPU.Build.0 = Debug|Any CPU
		{87B1A14E-89D0-44B0-97D9-323348F18833}.Release|Any CPU.ActiveCfg = Release|Any CPU
		{87B1A14E-89D0-44B0-97D9-323348F18833}.Release|Any CPU.Build.0 = Release|Any CPU
		{4A96191D-AD46-4211-A464-056114FAEB53}.Debug|Any CPU.ActiveCfg = Debug|Any CPU
		{4A96191D-AD46-4211-A464-056114FAEB53}.Debug|Any CPU.Build.0 = Debug|Any CPU
		{4A96191D-AD46-4211-A464-056114FAEB53}.Release|Any CPU.ActiveCfg = Release|Any CPU
		{4A96191D-AD46-4211-A464-056114FAEB53}.Release|Any CPU.Build.0 = Release|Any CPU
		{DD6DABC3-DA06-4385-A437-F39F2448EA1E}.Debug|Any CPU.ActiveCfg = Debug|Any CPU
		{DD6DABC3-DA06-4385-A437-F39F2448EA1E}.Debug|Any CPU.Build.0 = Debug|Any CPU
		{DD6DABC3-DA06-4385-A437-F39F2448EA1E}.Release|Any CPU.ActiveCfg = Release|Any CPU
		{DD6DABC3-DA06-4385-A437-F39F2448EA1E}.Release|Any CPU.Build.0 = Release|Any CPU
		{83607618-3C24-43F6-A4C7-99165DED36F4}.Debug|Any CPU.ActiveCfg = Debug|Any CPU
		{83607618-3C24-43F6-A4C7-99165DED36F4}.Debug|Any CPU.Build.0 = Debug|Any CPU
		{83607618-3C24-43F6-A4C7-99165DED36F4}.Release|Any CPU.ActiveCfg = Release|Any CPU
		{83607618-3C24-43F6-A4C7-99165DED36F4}.Release|Any CPU.Build.0 = Release|Any CPU
	EndGlobalSection
	GlobalSection(SolutionProperties) = preSolution
		HideSolutionNode = FALSE
	EndGlobalSection
	GlobalSection(NestedProjects) = preSolution
		{54EABF72-A3D6-4154-8B5C-49C1453CECCA} = {3769D663-275E-4290-A1B7-604A4F4620F3}
		{C32B5DBE-B4C3-41D6-81CD-1707A6C72F4D} = {3769D663-275E-4290-A1B7-604A4F4620F3}
		{32015DF3-7A5A-46E5-A16C-AADBECB0A523} = {FB9EDF72-3D08-45DB-B1D5-A8ACC048F22A}
		{583B9B16-3D88-407C-8D00-C6DEAD125F6F} = {FB9EDF72-3D08-45DB-B1D5-A8ACC048F22A}
		{428FA428-3CA4-4185-BBC8-7FAD5D2C8A02} = {FB9EDF72-3D08-45DB-B1D5-A8ACC048F22A}
		{D30384A1-A3B3-4AC4-A0FC-8506E52C334D} = {FB9EDF72-3D08-45DB-B1D5-A8ACC048F22A}
		{6AA83D84-8A3F-4D03-B037-40E9DCF94F8E} = {FB9EDF72-3D08-45DB-B1D5-A8ACC048F22A}
		{D0B381F0-8F4F-48DB-92CA-4CC4C893E270} = {FB9EDF72-3D08-45DB-B1D5-A8ACC048F22A}
		{AA80BBE7-9B23-4037-9488-C717FAFAC59C} = {FB9EDF72-3D08-45DB-B1D5-A8ACC048F22A}
		{594362AF-7828-4E79-A43E-BCB23CBF10E1} = {67063FED-1883-4C36-9E17-8961019CB55B}
		{D380A282-F4A5-42E6-84A7-7FFA4FE41386} = {594362AF-7828-4E79-A43E-BCB23CBF10E1}
		{7B3FD6F7-5341-46E1-81CF-2CC41140F0FE} = {594362AF-7828-4E79-A43E-BCB23CBF10E1}
		{6A892B4D-C89A-42F7-82B8-615430686289} = {594362AF-7828-4E79-A43E-BCB23CBF10E1}
		{63F9F318-C73A-49A8-A35B-2D026E9B6A32} = {500ED28C-835D-45AD-9DE8-845A4BEF498F}
		{F0CB93AB-5CFE-4E73-9042-C79E32F981BE} = {500ED28C-835D-45AD-9DE8-845A4BEF498F}
		{9DEF49D1-FF29-43AD-A7C1-ECE87ACA8BAE} = {500ED28C-835D-45AD-9DE8-845A4BEF498F}
		{95534138-9031-4776-805E-DDAB7B1026AF} = {500ED28C-835D-45AD-9DE8-845A4BEF498F}
		{D8085F9E-3AED-466E-AF31-9AF332527004} = {500ED28C-835D-45AD-9DE8-845A4BEF498F}
		{7C013067-669E-4342-82AB-A0BD26528B64} = {500ED28C-835D-45AD-9DE8-845A4BEF498F}
		{041B954B-7142-47BB-839C-4F006B8D5B45} = {500ED28C-835D-45AD-9DE8-845A4BEF498F}
		{D3575E93-B2CE-4754-A5B5-A3F4028CBA2B} = {500ED28C-835D-45AD-9DE8-845A4BEF498F}
		{DE755D49-DC8F-492C-95DA-E7A3B935FEE1} = {500ED28C-835D-45AD-9DE8-845A4BEF498F}
		{77635112-0DE6-4B1D-9292-6485C399F651} = {500ED28C-835D-45AD-9DE8-845A4BEF498F}
		{71FEB008-AEA4-4F82-A301-0CD5B1603EF2} = {500ED28C-835D-45AD-9DE8-845A4BEF498F}
		{442098BA-0F95-474E-B3D1-E6A23EF26872} = {500ED28C-835D-45AD-9DE8-845A4BEF498F}
		{79D9EBFD-881A-430B-8E56-AD4DBA951B53} = {500ED28C-835D-45AD-9DE8-845A4BEF498F}
		{CAA71165-C975-44A4-BBEA-7E78F39D4F71} = {500ED28C-835D-45AD-9DE8-845A4BEF498F}
		{4F419A65-47EA-4200-9C1B-B182751EC8F4} = {500ED28C-835D-45AD-9DE8-845A4BEF498F}
		{366EE5BB-22B8-4EC4-A86E-296DBD933882} = {500ED28C-835D-45AD-9DE8-845A4BEF498F}
		{478A6008-4987-49E9-A504-BB595F92C386} = {500ED28C-835D-45AD-9DE8-845A4BEF498F}
		{E1B1C7A7-2189-4D17-8E4C-F64CC17ABFA6} = {500ED28C-835D-45AD-9DE8-845A4BEF498F}
		{8C839CD3-380F-4C9F-9BCB-DFF4BA0994EF} = {500ED28C-835D-45AD-9DE8-845A4BEF498F}
		{2E98A64F-8840-4BD4-8E3D-732CA6FE8227} = {500ED28C-835D-45AD-9DE8-845A4BEF498F}
		{B5C455BA-D037-4735-9CCB-A87A0BEA7345} = {500ED28C-835D-45AD-9DE8-845A4BEF498F}
		{DD54EE13-D7A9-47FF-B9EE-1945FCC4EE45} = {500ED28C-835D-45AD-9DE8-845A4BEF498F}
		{99062612-F358-4DE4-AEBE-1EB4A0C3DF10} = {500ED28C-835D-45AD-9DE8-845A4BEF498F}
		{DDC58439-BF96-462D-9843-A1B2CCE923A4} = {500ED28C-835D-45AD-9DE8-845A4BEF498F}
		{B9C97A8B-0D31-45F4-8D99-C1158ACF8E9D} = {500ED28C-835D-45AD-9DE8-845A4BEF498F}
		{6D456C21-9B56-4BF0-A09A-DA80505BC0E3} = {500ED28C-835D-45AD-9DE8-845A4BEF498F}
		{DEF831C9-D9E1-47E6-AF3E-143DD5ABF5DD} = {D380A282-F4A5-42E6-84A7-7FFA4FE41386}
		{7CB60D72-DCD5-440A-B5D9-95578D32762D} = {D380A282-F4A5-42E6-84A7-7FFA4FE41386}
		{7594382E-230F-479A-807E-F0228E377FA0} = {7B3FD6F7-5341-46E1-81CF-2CC41140F0FE}
		{2891FC98-9AB8-4E80-BE42-53AE2ED96005} = {7B3FD6F7-5341-46E1-81CF-2CC41140F0FE}
		{28B3653B-B99C-4F5C-9E15-7E958130F793} = {6A892B4D-C89A-42F7-82B8-615430686289}
		{F95F8D93-392B-4944-87CA-6E5A5853E547} = {6A892B4D-C89A-42F7-82B8-615430686289}
		{FDEC9F20-9137-4C08-8025-EE04B1143C80} = {67063FED-1883-4C36-9E17-8961019CB55B}
		{CE7FCDC1-D233-4EF8-925F-6309A7C299DA} = {67063FED-1883-4C36-9E17-8961019CB55B}
		{672080B4-D3FB-4836-9A28-D119BE9799DF} = {6B881609-C3AF-401C-82BA-5919BF5C9A2E}
		{7B1B440C-1398-4132-A981-A707A792CF38} = {6B881609-C3AF-401C-82BA-5919BF5C9A2E}
		{02AC6BAA-DF49-4D13-902A-436959105D5F} = {500ED28C-835D-45AD-9DE8-845A4BEF498F}
		{98D75471-1FA1-49A9-98E9-9744A183B65F} = {583B9B16-3D88-407C-8D00-C6DEAD125F6F}
		{E60C2C64-7456-4B69-91C0-FBF193D68049} = {583B9B16-3D88-407C-8D00-C6DEAD125F6F}
		{FCF12AC0-B1E5-49EB-9003-819221EA276E} = {583B9B16-3D88-407C-8D00-C6DEAD125F6F}
		{CF2EC244-54F6-45E9-9F51-B0C8D27F9C17} = {583B9B16-3D88-407C-8D00-C6DEAD125F6F}
		{6C702ED7-6928-441D-A28C-AD0064D2071B} = {583B9B16-3D88-407C-8D00-C6DEAD125F6F}
		{E5E4FB20-BFA1-467D-B4E4-7636504D8F3D} = {583B9B16-3D88-407C-8D00-C6DEAD125F6F}
		{93AAB709-67CA-4E11-ABCD-E15AAA7B7136} = {32015DF3-7A5A-46E5-A16C-AADBECB0A523}
		{54F835CE-73D9-456C-9BA3-2A8AF853AE8E} = {32015DF3-7A5A-46E5-A16C-AADBECB0A523}
		{AFF2041B-09C7-4A57-A0F8-15E95711EC34} = {32015DF3-7A5A-46E5-A16C-AADBECB0A523}
		{5661D616-83CE-4518-91C9-510B4F46B80C} = {32015DF3-7A5A-46E5-A16C-AADBECB0A523}
		{91B9D54C-D4CD-4C61-98A1-E1AEF8197A4A} = {32015DF3-7A5A-46E5-A16C-AADBECB0A523}
		{AEF29342-B085-47DD-97EC-313DC43D0779} = {32015DF3-7A5A-46E5-A16C-AADBECB0A523}
		{A52C468D-912C-4248-8E71-EA1C81646E46} = {428FA428-3CA4-4185-BBC8-7FAD5D2C8A02}
		{469B3BB9-57BF-4231-BE73-877AD6298F36} = {428FA428-3CA4-4185-BBC8-7FAD5D2C8A02}
		{5A8A4C4B-2FED-4E13-9AFB-CDCA00DEB598} = {428FA428-3CA4-4185-BBC8-7FAD5D2C8A02}
		{B161639C-F654-4DCD-ADC1-A1F43392A36C} = {D30384A1-A3B3-4AC4-A0FC-8506E52C334D}
		{FBD4731E-7813-4BB1-B4D5-A676BA0376C2} = {D30384A1-A3B3-4AC4-A0FC-8506E52C334D}
		{3B4FE74B-8A2A-4DD4-9305-EE016B6D1F91} = {D30384A1-A3B3-4AC4-A0FC-8506E52C334D}
		{1307DA9B-FF47-4266-B874-B9A6C09A166A} = {D30384A1-A3B3-4AC4-A0FC-8506E52C334D}
		{CA9AE946-C633-4195-889B-873348BE8384} = {D30384A1-A3B3-4AC4-A0FC-8506E52C334D}
		{DE3F30D8-9AA5-4FA8-B14C-8242689E4602} = {D30384A1-A3B3-4AC4-A0FC-8506E52C334D}
		{ED79EB53-5E53-48CC-BEEC-A2CD59A6A3CC} = {6AA83D84-8A3F-4D03-B037-40E9DCF94F8E}
		{83C95B3C-3CEC-466D-9862-AE99C494F384} = {D0B381F0-8F4F-48DB-92CA-4CC4C893E270}
		{B8885A7D-2B2A-4FAB-8AB8-3F84838D6887} = {D0B381F0-8F4F-48DB-92CA-4CC4C893E270}
		{8F82156B-11FA-4AC6-AEE5-EC49E29074A6} = {D0B381F0-8F4F-48DB-92CA-4CC4C893E270}
		{0ED6C9CA-0DB8-481D-BC43-DECD688871D8} = {AA80BBE7-9B23-4037-9488-C717FAFAC59C}
		{9C1CFC6E-C486-4251-A612-145128AB9625} = {AA80BBE7-9B23-4037-9488-C717FAFAC59C}
		{9A8D4A69-560F-48D1-ABAA-12FF2CD8FABC} = {500ED28C-835D-45AD-9DE8-845A4BEF498F}
		{AC5B213A-BCF1-4C7D-882B-B1F67D51DAE3} = {500ED28C-835D-45AD-9DE8-845A4BEF498F}
		{D5735426-7D4D-4A13-B8D8-7D3EA25E57CC} = {9F9F655C-7D00-45F6-94C0-442E02189A86}
		{3BB19D53-8FB1-4173-975E-1EAEB7E00CC0} = {9F9F655C-7D00-45F6-94C0-442E02189A86}
		{0FEABE57-0280-4092-A607-4D496994FB92} = {5D812A19-6B71-41D7-8A85-F61090C6C1BF}
		{59CB5F80-D6C9-44E7-8CA3-E501D11A787B} = {78E7FCD5-2ABA-4912-8876-E8888E1C7349}
		{201ABCC6-C44B-4FEE-BF2B-AAC8B14E14BC} = {78E7FCD5-2ABA-4912-8876-E8888E1C7349}
		{00E7D7B3-071B-4058-95B6-A051B6FA64A2} = {500ED28C-835D-45AD-9DE8-845A4BEF498F}
		{BC5F58B3-DB4D-47EB-A37C-33D289B236C0} = {500ED28C-835D-45AD-9DE8-845A4BEF498F}
		{436C43CB-CBCF-457D-893A-7D9A32247DA8} = {500ED28C-835D-45AD-9DE8-845A4BEF498F}
		{18F540E8-DB50-4716-B219-9FB32DC1D7EA} = {78E7FCD5-2ABA-4912-8876-E8888E1C7349}
		{C01FBCEF-6725-4EDB-9F5A-565C09FA14AC} = {78E7FCD5-2ABA-4912-8876-E8888E1C7349}
		{8646153F-6A03-4C88-A4AF-4347F2C4DE94} = {500ED28C-835D-45AD-9DE8-845A4BEF498F}
		{99553DFB-2397-42BD-B33A-496D8B428AF0} = {6B881609-C3AF-401C-82BA-5919BF5C9A2E}
		{8DC8403E-AC14-4D93-AE8B-8B41CEFB6247} = {6D9C9930-FBFA-4555-8455-B868B662E572}
		{F0442BB3-6D03-4796-BCBF-B8F364DF7D16} = {6D9C9930-FBFA-4555-8455-B868B662E572}
		{20F130B4-DB81-4F24-A66E-AFABB01653E8} = {6D9C9930-FBFA-4555-8455-B868B662E572}
		{4811B384-A19E-477F-AA3D-9DED62DFBF29} = {6D9C9930-FBFA-4555-8455-B868B662E572}
		{2D6CFBF5-7297-4CB7-B08F-97E8B1F18CB0} = {6D9C9930-FBFA-4555-8455-B868B662E572}
		{8CE52CD3-1406-49BA-9D9B-4E050AB7C199} = {6D9C9930-FBFA-4555-8455-B868B662E572}
		{DFCAB61F-3A83-4B41-8601-261973BB56F0} = {6D9C9930-FBFA-4555-8455-B868B662E572}
		{B4B7A8F1-CF2D-42AC-A57A-5A8135046F7B} = {6D9C9930-FBFA-4555-8455-B868B662E572}
		{77A4A1A0-EB52-49C1-BC7C-B617956E977B} = {6D9C9930-FBFA-4555-8455-B868B662E572}
		{FBD79552-05FC-4B6E-A57F-397140AC431E} = {6D9C9930-FBFA-4555-8455-B868B662E572}
		{4E207CF2-765C-4F56-A972-77A4826710FF} = {DDDCAE9D-1AD6-4BEF-B8B7-1C0DC4DCD608}
		{F8807F2A-DA84-4305-B69F-5E70B0007CE1} = {DDDCAE9D-1AD6-4BEF-B8B7-1C0DC4DCD608}
		{8B0A65B2-098A-4744-BAE9-B508B6E74672} = {DDDCAE9D-1AD6-4BEF-B8B7-1C0DC4DCD608}
		{B9B8B630-BAD1-48FC-8E16-7418AF420727} = {E498B03A-F56B-4F61-AA74-D7FD1E1F59FA}
		{9F27829C-A7A8-4CA3-B977-4AA42BC27F33} = {E498B03A-F56B-4F61-AA74-D7FD1E1F59FA}
		{165E22E0-5D67-449A-B48B-834E6BD4797B} = {E498B03A-F56B-4F61-AA74-D7FD1E1F59FA}
		{75870BDC-80BC-47D9-88C0-67BA96F5A602} = {E498B03A-F56B-4F61-AA74-D7FD1E1F59FA}
		{CF11F7E4-1F65-445B-A0DD-7156E1F6CEE1} = {E498B03A-F56B-4F61-AA74-D7FD1E1F59FA}
		{572A7840-83A0-4FAC-89A5-8253E8159401} = {E498B03A-F56B-4F61-AA74-D7FD1E1F59FA}
		{D3BA3913-D09E-4D92-82F8-366A0A4E064E} = {E498B03A-F56B-4F61-AA74-D7FD1E1F59FA}
		{ACE2EB3E-942D-4B04-B038-786E6E90FE67} = {E498B03A-F56B-4F61-AA74-D7FD1E1F59FA}
		{2A03A1A9-DD97-4FC9-A2F1-EC1263982DBB} = {C32B5DBE-B4C3-41D6-81CD-1707A6C72F4D}
		{7842007A-932A-4A66-BF1D-FD4848E31663} = {C32B5DBE-B4C3-41D6-81CD-1707A6C72F4D}
		{478B20E3-AAE4-4575-8272-D111ABF26877} = {54EABF72-A3D6-4154-8B5C-49C1453CECCA}
		{707DEC92-9B7A-4333-A66C-330076979A15} = {3769D663-275E-4290-A1B7-604A4F4620F3}
		{46FA115E-3ABD-420B-BAE0-8EF71A594B6A} = {3769D663-275E-4290-A1B7-604A4F4620F3}
		{4EB0C321-79B2-4145-9B89-A4107C799290} = {EAD8FA95-D007-4957-A6E2-08C60B70E7BF}
		{89C35223-C513-4850-8409-69D25D25AA2D} = {8D02777E-F261-4B30-BA0A-FFC7159BBB6D}
		{6C734FE3-E7DC-4536-A0A1-9E59AD4B803E} = {96046A1E-934A-4BDD-82CB-9827747D78A2}
		{4D7DA551-8C15-4BEE-8818-93A3774DF488} = {25A68E71-01B5-43B7-80B8-76F0753269B8}
		{2CB95EC2-B4BA-4830-B65B-029C244E178D} = {25A68E71-01B5-43B7-80B8-76F0753269B8}
		{2FA717A1-266E-4A0B-A427-B800B6ED2574} = {5D812A19-6B71-41D7-8A85-F61090C6C1BF}
		{8F5739A8-8AD7-473F-8930-2649DCA1E0C9} = {500ED28C-835D-45AD-9DE8-845A4BEF498F}
		{A3CB36E9-10F8-4192-907C-AC16063D3670} = {8F5739A8-8AD7-473F-8930-2649DCA1E0C9}
		{77CBA374-5016-4F0D-8BC5-73AA48BC8E12} = {8F5739A8-8AD7-473F-8930-2649DCA1E0C9}
		{DB6201D3-1317-4E46-A554-8C5D2DD355EC} = {8F5739A8-8AD7-473F-8930-2649DCA1E0C9}
		{E2FC4E72-D661-41AD-9C14-ED644DC4837E} = {8F5739A8-8AD7-473F-8930-2649DCA1E0C9}
		{29E0A7AB-6781-4BB9-96BE-C4E7683A3861} = {8F5739A8-8AD7-473F-8930-2649DCA1E0C9}
		{1C1C1F08-D824-418E-9CF6-F716E90F7C35} = {6D9C9930-FBFA-4555-8455-B868B662E572}
		{3F96548C-7A70-4AA7-949E-ED8D7A74E892} = {96046A1E-934A-4BDD-82CB-9827747D78A2}
		{9DCC650C-CBBF-4BC7-B98A-0022414EA1A8} = {5D812A19-6B71-41D7-8A85-F61090C6C1BF}
		{1CB907C7-EE6F-4AFC-8CB3-DF57E1AE78FF} = {6D9C9930-FBFA-4555-8455-B868B662E572}
		{51256096-05C8-4799-B147-E6FBDF98A7F3} = {9F9F655C-7D00-45F6-94C0-442E02189A86}
		{2CEDEDF7-EF5B-4696-954F-4F97AB89733C} = {78E7FCD5-2ABA-4912-8876-E8888E1C7349}
		{80DB62CB-EC6A-423A-8F4E-F1EEF3199FFF} = {6D9C9930-FBFA-4555-8455-B868B662E572}
		{44C04626-0441-4FBB-A0DB-F1011F250C89} = {6D9C9930-FBFA-4555-8455-B868B662E572}
		{A20D14E9-591C-41BB-8ABE-576D9242AFAC} = {78E7FCD5-2ABA-4912-8876-E8888E1C7349}
		{ECA0FC04-5C9E-465F-95AB-51C9CF238DDB} = {6D9C9930-FBFA-4555-8455-B868B662E572}
		{C8629B7E-D07F-40D1-B6F3-20C5052B02CD} = {6D9C9930-FBFA-4555-8455-B868B662E572}
		{3921A435-6181-499D-B2E4-F517366377E4} = {5D812A19-6B71-41D7-8A85-F61090C6C1BF}
		{87B1A14E-89D0-44B0-97D9-323348F18833} = {6D9C9930-FBFA-4555-8455-B868B662E572}
		{4A96191D-AD46-4211-A464-056114FAEB53} = {500ED28C-835D-45AD-9DE8-845A4BEF498F}
		{DD6DABC3-DA06-4385-A437-F39F2448EA1E} = {6D9C9930-FBFA-4555-8455-B868B662E572}
		{83607618-3C24-43F6-A4C7-99165DED36F4} = {78E7FCD5-2ABA-4912-8876-E8888E1C7349}
	EndGlobalSection
	GlobalSection(ExtensibilityGlobals) = postSolution
		SolutionGuid = {6CC3D488-4F99-44F1-964B-19ADB12FC3B7}
	EndGlobalSection
EndGlobal
